// !$*UTF8*$!
{
	archiveVersion = 1;
	classes = {
	};
	objectVersion = 50;
	objects = {

/* Begin PBXBuildFile section */
		AC7F4CA1227CAEEE002A42AF /* AppDelegate.swift in Sources */ = {isa = PBXBuildFile; fileRef = AC7F4CA0227CAEEE002A42AF /* AppDelegate.swift */; };
		AC7F4CA3227CAEEE002A42AF /* RegistrationView.swift in Sources */ = {isa = PBXBuildFile; fileRef = AC7F4CA2227CAEEE002A42AF /* RegistrationView.swift */; };
		AC7F4CA6227CAEEE002A42AF /* Registration+Enter.storyboard in Resources */ = {isa = PBXBuildFile; fileRef = AC7F4CA4227CAEEE002A42AF /* Registration+Enter.storyboard */; };
		AC7F4CA8227CAEF0002A42AF /* Assets.xcassets in Resources */ = {isa = PBXBuildFile; fileRef = AC7F4CA7227CAEF0002A42AF /* Assets.xcassets */; };
		AC7F4CAB227CAEF0002A42AF /* LaunchScreen.storyboard in Resources */ = {isa = PBXBuildFile; fileRef = AC7F4CA9227CAEF0002A42AF /* LaunchScreen.storyboard */; };
		AC7F4CB5227CAF68002A42AF /* WaveGradientView.swift in Sources */ = {isa = PBXBuildFile; fileRef = AC7F4CB4227CAF68002A42AF /* WaveGradientView.swift */; };
		AC7F4CB7227CB6CA002A42AF /* ViewUnderTextFields.swift in Sources */ = {isa = PBXBuildFile; fileRef = AC7F4CB6227CB6CA002A42AF /* ViewUnderTextFields.swift */; };
		ACD64734228AF11C0091257E /* Gradient.swift in Sources */ = {isa = PBXBuildFile; fileRef = ACD64733228AF11C0091257E /* Gradient.swift */; };
		ACD64736228B016C0091257E /* EnterView.swift in Sources */ = {isa = PBXBuildFile; fileRef = ACD64735228B016C0091257E /* EnterView.swift */; };
		ACF76AD4227CCE7D00FE7648 /* SF-Compact-Rounded-Thin.otf in Resources */ = {isa = PBXBuildFile; fileRef = ACF76ACB227CCE7D00FE7648 /* SF-Compact-Rounded-Thin.otf */; };
		ACF76AD5227CCE7D00FE7648 /* SF-Compact-Rounded-Black.otf in Resources */ = {isa = PBXBuildFile; fileRef = ACF76ACC227CCE7D00FE7648 /* SF-Compact-Rounded-Black.otf */; };
		ACF76AD6227CCE7D00FE7648 /* SF-Compact-Rounded-Bold.otf in Resources */ = {isa = PBXBuildFile; fileRef = ACF76ACD227CCE7D00FE7648 /* SF-Compact-Rounded-Bold.otf */; };
		ACF76AD7227CCE7D00FE7648 /* SF-Compact-Rounded-Light.otf in Resources */ = {isa = PBXBuildFile; fileRef = ACF76ACE227CCE7D00FE7648 /* SF-Compact-Rounded-Light.otf */; };
		ACF76AD8227CCE7D00FE7648 /* SF-Compact-Rounded-Medium.otf in Resources */ = {isa = PBXBuildFile; fileRef = ACF76ACF227CCE7D00FE7648 /* SF-Compact-Rounded-Medium.otf */; };
		ACF76AD9227CCE7D00FE7648 /* SF-Compact-Rounded-Ultralight.otf in Resources */ = {isa = PBXBuildFile; fileRef = ACF76AD0227CCE7D00FE7648 /* SF-Compact-Rounded-Ultralight.otf */; };
		ACF76ADA227CCE7D00FE7648 /* SF-Compact-Rounded-Semibold.otf in Resources */ = {isa = PBXBuildFile; fileRef = ACF76AD1227CCE7D00FE7648 /* SF-Compact-Rounded-Semibold.otf */; };
		ACF76ADB227CCE7D00FE7648 /* SF-Compact-Rounded-Regular.otf in Resources */ = {isa = PBXBuildFile; fileRef = ACF76AD2227CCE7D00FE7648 /* SF-Compact-Rounded-Regular.otf */; };
		ACF76ADC227CCE7D00FE7648 /* SF-Compact-Rounded-Heavy.otf in Resources */ = {isa = PBXBuildFile; fileRef = ACF76AD3227CCE7D00FE7648 /* SF-Compact-Rounded-Heavy.otf */; };
		ACF76AE3227CD50000FE7648 /* ButtonGradient.swift in Sources */ = {isa = PBXBuildFile; fileRef = ACF76AE2227CD50000FE7648 /* ButtonGradient.swift */; };
/* End PBXBuildFile section */

/* Begin PBXFileReference section */
		AC7F4C9D227CAEEE002A42AF /* MedicApp.app */ = {isa = PBXFileReference; explicitFileType = wrapper.application; includeInIndex = 0; path = MedicApp.app; sourceTree = BUILT_PRODUCTS_DIR; };
		AC7F4CA0227CAEEE002A42AF /* AppDelegate.swift */ = {isa = PBXFileReference; lastKnownFileType = sourcecode.swift; path = AppDelegate.swift; sourceTree = "<group>"; };
		AC7F4CA2227CAEEE002A42AF /* RegistrationView.swift */ = {isa = PBXFileReference; lastKnownFileType = sourcecode.swift; path = RegistrationView.swift; sourceTree = "<group>"; };
		AC7F4CA5227CAEEE002A42AF /* Base */ = {isa = PBXFileReference; lastKnownFileType = file.storyboard; name = Base; path = "Base.lproj/Registration+Enter.storyboard"; sourceTree = "<group>"; };
		AC7F4CA7227CAEF0002A42AF /* Assets.xcassets */ = {isa = PBXFileReference; lastKnownFileType = folder.assetcatalog; path = Assets.xcassets; sourceTree = "<group>"; };
		AC7F4CAA227CAEF0002A42AF /* Base */ = {isa = PBXFileReference; lastKnownFileType = file.storyboard; name = Base; path = Base.lproj/LaunchScreen.storyboard; sourceTree = "<group>"; };
		AC7F4CAC227CAEF0002A42AF /* Info.plist */ = {isa = PBXFileReference; lastKnownFileType = text.plist.xml; path = Info.plist; sourceTree = "<group>"; };
		AC7F4CB4227CAF68002A42AF /* WaveGradientView.swift */ = {isa = PBXFileReference; fileEncoding = 4; lastKnownFileType = sourcecode.swift; path = WaveGradientView.swift; sourceTree = "<group>"; };
		AC7F4CB6227CB6CA002A42AF /* ViewUnderTextFields.swift */ = {isa = PBXFileReference; lastKnownFileType = sourcecode.swift; path = ViewUnderTextFields.swift; sourceTree = "<group>"; };
		ACD64733228AF11C0091257E /* Gradient.swift */ = {isa = PBXFileReference; lastKnownFileType = sourcecode.swift; path = Gradient.swift; sourceTree = "<group>"; };
		ACD64735228B016C0091257E /* EnterView.swift */ = {isa = PBXFileReference; lastKnownFileType = sourcecode.swift; name = EnterView.swift; path = MedicApp/GlobalEntities/EnterView.swift; sourceTree = SOURCE_ROOT; };
		ACF76ACB227CCE7D00FE7648 /* SF-Compact-Rounded-Thin.otf */ = {isa = PBXFileReference; lastKnownFileType = file; path = "SF-Compact-Rounded-Thin.otf"; sourceTree = "<group>"; };
		ACF76ACC227CCE7D00FE7648 /* SF-Compact-Rounded-Black.otf */ = {isa = PBXFileReference; lastKnownFileType = file; path = "SF-Compact-Rounded-Black.otf"; sourceTree = "<group>"; };
		ACF76ACD227CCE7D00FE7648 /* SF-Compact-Rounded-Bold.otf */ = {isa = PBXFileReference; lastKnownFileType = file; path = "SF-Compact-Rounded-Bold.otf"; sourceTree = "<group>"; };
		ACF76ACE227CCE7D00FE7648 /* SF-Compact-Rounded-Light.otf */ = {isa = PBXFileReference; lastKnownFileType = file; path = "SF-Compact-Rounded-Light.otf"; sourceTree = "<group>"; };
		ACF76ACF227CCE7D00FE7648 /* SF-Compact-Rounded-Medium.otf */ = {isa = PBXFileReference; lastKnownFileType = file; path = "SF-Compact-Rounded-Medium.otf"; sourceTree = "<group>"; };
		ACF76AD0227CCE7D00FE7648 /* SF-Compact-Rounded-Ultralight.otf */ = {isa = PBXFileReference; lastKnownFileType = file; path = "SF-Compact-Rounded-Ultralight.otf"; sourceTree = "<group>"; };
		ACF76AD1227CCE7D00FE7648 /* SF-Compact-Rounded-Semibold.otf */ = {isa = PBXFileReference; lastKnownFileType = file; path = "SF-Compact-Rounded-Semibold.otf"; sourceTree = "<group>"; };
		ACF76AD2227CCE7D00FE7648 /* SF-Compact-Rounded-Regular.otf */ = {isa = PBXFileReference; lastKnownFileType = file; path = "SF-Compact-Rounded-Regular.otf"; sourceTree = "<group>"; };
		ACF76AD3227CCE7D00FE7648 /* SF-Compact-Rounded-Heavy.otf */ = {isa = PBXFileReference; lastKnownFileType = file; path = "SF-Compact-Rounded-Heavy.otf"; sourceTree = "<group>"; };
		ACF76AE2227CD50000FE7648 /* ButtonGradient.swift */ = {isa = PBXFileReference; lastKnownFileType = sourcecode.swift; path = ButtonGradient.swift; sourceTree = "<group>"; };
/* End PBXFileReference section */

/* Begin PBXFrameworksBuildPhase section */
		AC7F4C9A227CAEEE002A42AF /* Frameworks */ = {
			isa = PBXFrameworksBuildPhase;
			buildActionMask = 2147483647;
			files = (
			);
			runOnlyForDeploymentPostprocessing = 0;
		};
/* End PBXFrameworksBuildPhase section */

/* Begin PBXGroup section */
		AC5B540D227CFB8600C2001A /* Supporting Files */ = {
			isa = PBXGroup;
			children = (
				AC7F4CA0227CAEEE002A42AF /* AppDelegate.swift */,
				AC7F4CA4227CAEEE002A42AF /* Registration+Enter.storyboard */,
				AC7F4CA7227CAEF0002A42AF /* Assets.xcassets */,
				AC7F4CA9227CAEF0002A42AF /* LaunchScreen.storyboard */,
			);
			path = "Supporting Files";
			sourceTree = "<group>";
		};
		AC7F4C94227CAEED002A42AF = {
			isa = PBXGroup;
			children = (
				AC7F4C9F227CAEEE002A42AF /* MedicApp */,
				AC7F4C9E227CAEEE002A42AF /* Products */,
			);
			sourceTree = "<group>";
		};
		AC7F4C9E227CAEEE002A42AF /* Products */ = {
			isa = PBXGroup;
			children = (
				AC7F4C9D227CAEEE002A42AF /* MedicApp.app */,
			);
			name = Products;
			sourceTree = "<group>";
		};
		AC7F4C9F227CAEEE002A42AF /* MedicApp */ = {
			isa = PBXGroup;
			children = (
				ACD64732228AF1090091257E /* GlobalEntities */,
				ACF76ADD227CD39C00FE7648 /* Registration+Enter */,
				AC7F4CAC227CAEF0002A42AF /* Info.plist */,
				AC5B540D227CFB8600C2001A /* Supporting Files */,
				AC7F4CB8227CCE4C002A42AF /* Шрифты */,
			);
			path = MedicApp;
			sourceTree = "<group>";
		};
		AC7F4CB8227CCE4C002A42AF /* Шрифты */ = {
			isa = PBXGroup;
			children = (
				ACF76ACC227CCE7D00FE7648 /* SF-Compact-Rounded-Black.otf */,
				ACF76ACD227CCE7D00FE7648 /* SF-Compact-Rounded-Bold.otf */,
				ACF76AD3227CCE7D00FE7648 /* SF-Compact-Rounded-Heavy.otf */,
				ACF76ACE227CCE7D00FE7648 /* SF-Compact-Rounded-Light.otf */,
				ACF76ACF227CCE7D00FE7648 /* SF-Compact-Rounded-Medium.otf */,
				ACF76AD2227CCE7D00FE7648 /* SF-Compact-Rounded-Regular.otf */,
				ACF76AD1227CCE7D00FE7648 /* SF-Compact-Rounded-Semibold.otf */,
				ACF76ACB227CCE7D00FE7648 /* SF-Compact-Rounded-Thin.otf */,
				ACF76AD0227CCE7D00FE7648 /* SF-Compact-Rounded-Ultralight.otf */,
			);
			path = "Шрифты";
			sourceTree = "<group>";
		};
		ACD64732228AF1090091257E /* GlobalEntities */ = {
			isa = PBXGroup;
			children = (
				ACD64733228AF11C0091257E /* Gradient.swift */,
			);
			path = GlobalEntities;
			sourceTree = "<group>";
		};
		ACF76ADD227CD39C00FE7648 /* Registration+Enter */ = {
			isa = PBXGroup;
			children = (
				ACF76AE0227CD3D300FE7648 /* Enteties */,
				ACF76AE1227CD3E100FE7648 /* Servicies */,
				ACF76ADE227CD3AB00FE7648 /* RegistrationVC */,
				ACF76ADF227CD3B500FE7648 /* EnterVC */,
			);
			path = "Registration+Enter";
			sourceTree = "<group>";
		};
		ACF76ADE227CD3AB00FE7648 /* RegistrationVC */ = {
			isa = PBXGroup;
			children = (
				AC7F4CA2227CAEEE002A42AF /* RegistrationView.swift */,
			);
			path = RegistrationVC;
			sourceTree = "<group>";
		};
		ACF76ADF227CD3B500FE7648 /* EnterVC */ = {
			isa = PBXGroup;
			children = (
				ACD64735228B016C0091257E /* EnterView.swift */,
			);
			path = EnterVC;
			sourceTree = "<group>";
		};
		ACF76AE0227CD3D300FE7648 /* Enteties */ = {
			isa = PBXGroup;
			children = (
				AC7F4CB4227CAF68002A42AF /* WaveGradientView.swift */,
				AC7F4CB6227CB6CA002A42AF /* ViewUnderTextFields.swift */,
				ACF76AE2227CD50000FE7648 /* ButtonGradient.swift */,
			);
			path = Enteties;
			sourceTree = "<group>";
		};
		ACF76AE1227CD3E100FE7648 /* Servicies */ = {
			isa = PBXGroup;
			children = (
			);
			path = Servicies;
			sourceTree = "<group>";
		};
/* End PBXGroup section */

/* Begin PBXNativeTarget section */
		AC7F4C9C227CAEEE002A42AF /* MedicApp */ = {
			isa = PBXNativeTarget;
			buildConfigurationList = AC7F4CAF227CAEF0002A42AF /* Build configuration list for PBXNativeTarget "MedicApp" */;
			buildPhases = (
				AC7F4C99227CAEEE002A42AF /* Sources */,
				AC7F4C9A227CAEEE002A42AF /* Frameworks */,
				AC7F4C9B227CAEEE002A42AF /* Resources */,
			);
			buildRules = (
			);
			dependencies = (
			);
			name = MedicApp;
			productName = MedicApp;
			productReference = AC7F4C9D227CAEEE002A42AF /* MedicApp.app */;
			productType = "com.apple.product-type.application";
		};
/* End PBXNativeTarget section */

/* Begin PBXProject section */
		AC7F4C95227CAEED002A42AF /* Project object */ = {
			isa = PBXProject;
			attributes = {
				LastSwiftUpdateCheck = 1020;
				LastUpgradeCheck = 1020;
				ORGANIZATIONNAME = "Ацамаз Бицоев";
				TargetAttributes = {
					AC7F4C9C227CAEEE002A42AF = {
						CreatedOnToolsVersion = 10.2.1;
					};
				};
			};
			buildConfigurationList = AC7F4C98227CAEED002A42AF /* Build configuration list for PBXProject "MedicApp" */;
			compatibilityVersion = "Xcode 9.3";
			developmentRegion = en;
			hasScannedForEncodings = 0;
			knownRegions = (
				en,
				Base,
			);
			mainGroup = AC7F4C94227CAEED002A42AF;
			productRefGroup = AC7F4C9E227CAEEE002A42AF /* Products */;
			projectDirPath = "";
			projectRoot = "";
			targets = (
				AC7F4C9C227CAEEE002A42AF /* MedicApp */,
			);
		};
/* End PBXProject section */

/* Begin PBXResourcesBuildPhase section */
		AC7F4C9B227CAEEE002A42AF /* Resources */ = {
			isa = PBXResourcesBuildPhase;
			buildActionMask = 2147483647;
			files = (
				ACF76ADC227CCE7D00FE7648 /* SF-Compact-Rounded-Heavy.otf in Resources */,
				AC7F4CAB227CAEF0002A42AF /* LaunchScreen.storyboard in Resources */,
				ACF76ADB227CCE7D00FE7648 /* SF-Compact-Rounded-Regular.otf in Resources */,
				ACF76AD4227CCE7D00FE7648 /* SF-Compact-Rounded-Thin.otf in Resources */,
				ACF76AD9227CCE7D00FE7648 /* SF-Compact-Rounded-Ultralight.otf in Resources */,
				AC7F4CA8227CAEF0002A42AF /* Assets.xcassets in Resources */,
				ACF76AD6227CCE7D00FE7648 /* SF-Compact-Rounded-Bold.otf in Resources */,
				ACF76AD7227CCE7D00FE7648 /* SF-Compact-Rounded-Light.otf in Resources */,
				ACF76AD8227CCE7D00FE7648 /* SF-Compact-Rounded-Medium.otf in Resources */,
				ACF76ADA227CCE7D00FE7648 /* SF-Compact-Rounded-Semibold.otf in Resources */,
				ACF76AD5227CCE7D00FE7648 /* SF-Compact-Rounded-Black.otf in Resources */,
				AC7F4CA6227CAEEE002A42AF /* Registration+Enter.storyboard in Resources */,
			);
			runOnlyForDeploymentPostprocessing = 0;
		};
/* End PBXResourcesBuildPhase section */

/* Begin PBXSourcesBuildPhase section */
		AC7F4C99227CAEEE002A42AF /* Sources */ = {
			isa = PBXSourcesBuildPhase;
			buildActionMask = 2147483647;
			files = (
				AC7F4CA3227CAEEE002A42AF /* RegistrationView.swift in Sources */,
				AC7F4CB7227CB6CA002A42AF /* ViewUnderTextFields.swift in Sources */,
				AC7F4CA1227CAEEE002A42AF /* AppDelegate.swift in Sources */,
				ACD64736228B016C0091257E /* EnterView.swift in Sources */,
				ACF76AE3227CD50000FE7648 /* ButtonGradient.swift in Sources */,
				AC7F4CB5227CAF68002A42AF /* WaveGradientView.swift in Sources */,
				ACD64734228AF11C0091257E /* Gradient.swift in Sources */,
			);
			runOnlyForDeploymentPostprocessing = 0;
		};
/* End PBXSourcesBuildPhase section */

/* Begin PBXVariantGroup section */
		AC7F4CA4227CAEEE002A42AF /* Registration+Enter.storyboard */ = {
			isa = PBXVariantGroup;
			children = (
				AC7F4CA5227CAEEE002A42AF /* Base */,
			);
			name = "Registration+Enter.storyboard";
			sourceTree = "<group>";
		};
		AC7F4CA9227CAEF0002A42AF /* LaunchScreen.storyboard */ = {
			isa = PBXVariantGroup;
			children = (
				AC7F4CAA227CAEF0002A42AF /* Base */,
			);
			name = LaunchScreen.storyboard;
			sourceTree = "<group>";
		};
/* End PBXVariantGroup section */

/* Begin XCBuildConfiguration section */
		AC7F4CAD227CAEF0002A42AF /* Debug */ = {
			isa = XCBuildConfiguration;
			buildSettings = {
				ALWAYS_SEARCH_USER_PATHS = NO;
				CLANG_ANALYZER_NONNULL = YES;
				CLANG_ANALYZER_NUMBER_OBJECT_CONVERSION = YES_AGGRESSIVE;
				CLANG_CXX_LANGUAGE_STANDARD = "gnu++14";
				CLANG_CXX_LIBRARY = "libc++";
				CLANG_ENABLE_MODULES = YES;
				CLANG_ENABLE_OBJC_ARC = YES;
				CLANG_ENABLE_OBJC_WEAK = YES;
				CLANG_WARN_BLOCK_CAPTURE_AUTORELEASING = YES;
				CLANG_WARN_BOOL_CONVERSION = YES;
				CLANG_WARN_COMMA = YES;
				CLANG_WARN_CONSTANT_CONVERSION = YES;
				CLANG_WARN_DEPRECATED_OBJC_IMPLEMENTATIONS = YES;
				CLANG_WARN_DIRECT_OBJC_ISA_USAGE = YES_ERROR;
				CLANG_WARN_DOCUMENTATION_COMMENTS = YES;
				CLANG_WARN_EMPTY_BODY = YES;
				CLANG_WARN_ENUM_CONVERSION = YES;
				CLANG_WARN_INFINITE_RECURSION = YES;
				CLANG_WARN_INT_CONVERSION = YES;
				CLANG_WARN_NON_LITERAL_NULL_CONVERSION = YES;
				CLANG_WARN_OBJC_IMPLICIT_RETAIN_SELF = YES;
				CLANG_WARN_OBJC_LITERAL_CONVERSION = YES;
				CLANG_WARN_OBJC_ROOT_CLASS = YES_ERROR;
				CLANG_WARN_RANGE_LOOP_ANALYSIS = YES;
				CLANG_WARN_STRICT_PROTOTYPES = YES;
				CLANG_WARN_SUSPICIOUS_MOVE = YES;
				CLANG_WARN_UNGUARDED_AVAILABILITY = YES_AGGRESSIVE;
				CLANG_WARN_UNREACHABLE_CODE = YES;
				CLANG_WARN__DUPLICATE_METHOD_MATCH = YES;
				CODE_SIGN_IDENTITY = "iPhone Developer";
				COPY_PHASE_STRIP = NO;
				DEBUG_INFORMATION_FORMAT = dwarf;
				ENABLE_STRICT_OBJC_MSGSEND = YES;
				ENABLE_TESTABILITY = YES;
				GCC_C_LANGUAGE_STANDARD = gnu11;
				GCC_DYNAMIC_NO_PIC = NO;
				GCC_NO_COMMON_BLOCKS = YES;
				GCC_OPTIMIZATION_LEVEL = 0;
				GCC_PREPROCESSOR_DEFINITIONS = (
					"DEBUG=1",
					"$(inherited)",
				);
				GCC_WARN_64_TO_32_BIT_CONVERSION = YES;
				GCC_WARN_ABOUT_RETURN_TYPE = YES_ERROR;
				GCC_WARN_UNDECLARED_SELECTOR = YES;
				GCC_WARN_UNINITIALIZED_AUTOS = YES_AGGRESSIVE;
				GCC_WARN_UNUSED_FUNCTION = YES;
				GCC_WARN_UNUSED_VARIABLE = YES;
				IPHONEOS_DEPLOYMENT_TARGET = 12.2;
				MTL_ENABLE_DEBUG_INFO = INCLUDE_SOURCE;
				MTL_FAST_MATH = YES;
				ONLY_ACTIVE_ARCH = YES;
				SDKROOT = iphoneos;
				SWIFT_ACTIVE_COMPILATION_CONDITIONS = DEBUG;
				SWIFT_OPTIMIZATION_LEVEL = "-Onone";
			};
			name = Debug;
		};
		AC7F4CAE227CAEF0002A42AF /* Release */ = {
			isa = XCBuildConfiguration;
			buildSettings = {
				ALWAYS_SEARCH_USER_PATHS = NO;
				CLANG_ANALYZER_NONNULL = YES;
				CLANG_ANALYZER_NUMBER_OBJECT_CONVERSION = YES_AGGRESSIVE;
				CLANG_CXX_LANGUAGE_STANDARD = "gnu++14";
				CLANG_CXX_LIBRARY = "libc++";
				CLANG_ENABLE_MODULES = YES;
				CLANG_ENABLE_OBJC_ARC = YES;
				CLANG_ENABLE_OBJC_WEAK = YES;
				CLANG_WARN_BLOCK_CAPTURE_AUTORELEASING = YES;
				CLANG_WARN_BOOL_CONVERSION = YES;
				CLANG_WARN_COMMA = YES;
				CLANG_WARN_CONSTANT_CONVERSION = YES;
				CLANG_WARN_DEPRECATED_OBJC_IMPLEMENTATIONS = YES;
				CLANG_WARN_DIRECT_OBJC_ISA_USAGE = YES_ERROR;
				CLANG_WARN_DOCUMENTATION_COMMENTS = YES;
				CLANG_WARN_EMPTY_BODY = YES;
				CLANG_WARN_ENUM_CONVERSION = YES;
				CLANG_WARN_INFINITE_RECURSION = YES;
				CLANG_WARN_INT_CONVERSION = YES;
				CLANG_WARN_NON_LITERAL_NULL_CONVERSION = YES;
				CLANG_WARN_OBJC_IMPLICIT_RETAIN_SELF = YES;
				CLANG_WARN_OBJC_LITERAL_CONVERSION = YES;
				CLANG_WARN_OBJC_ROOT_CLASS = YES_ERROR;
				CLANG_WARN_RANGE_LOOP_ANALYSIS = YES;
				CLANG_WARN_STRICT_PROTOTYPES = YES;
				CLANG_WARN_SUSPICIOUS_MOVE = YES;
				CLANG_WARN_UNGUARDED_AVAILABILITY = YES_AGGRESSIVE;
				CLANG_WARN_UNREACHABLE_CODE = YES;
				CLANG_WARN__DUPLICATE_METHOD_MATCH = YES;
				CODE_SIGN_IDENTITY = "iPhone Developer";
				COPY_PHASE_STRIP = NO;
				DEBUG_INFORMATION_FORMAT = "dwarf-with-dsym";
				ENABLE_NS_ASSERTIONS = NO;
				ENABLE_STRICT_OBJC_MSGSEND = YES;
				GCC_C_LANGUAGE_STANDARD = gnu11;
				GCC_NO_COMMON_BLOCKS = YES;
				GCC_WARN_64_TO_32_BIT_CONVERSION = YES;
				GCC_WARN_ABOUT_RETURN_TYPE = YES_ERROR;
				GCC_WARN_UNDECLARED_SELECTOR = YES;
				GCC_WARN_UNINITIALIZED_AUTOS = YES_AGGRESSIVE;
				GCC_WARN_UNUSED_FUNCTION = YES;
				GCC_WARN_UNUSED_VARIABLE = YES;
				IPHONEOS_DEPLOYMENT_TARGET = 12.2;
				MTL_ENABLE_DEBUG_INFO = NO;
				MTL_FAST_MATH = YES;
				SDKROOT = iphoneos;
				SWIFT_COMPILATION_MODE = wholemodule;
				SWIFT_OPTIMIZATION_LEVEL = "-O";
				VALIDATE_PRODUCT = YES;
			};
			name = Release;
		};
		AC7F4CB0227CAEF0002A42AF /* Debug */ = {
			isa = XCBuildConfiguration;
			buildSettings = {
				ASSETCATALOG_COMPILER_APPICON_NAME = AppIcon;
				CODE_SIGN_STYLE = Automatic;
				DEVELOPMENT_TEAM = 89WB9E7UEU;
				INFOPLIST_FILE = MedicApp/Info.plist;
				IPHONEOS_DEPLOYMENT_TARGET = 10.0;
				LD_RUNPATH_SEARCH_PATHS = (
					"$(inherited)",
					"@executable_path/Frameworks",
				);
				PRODUCT_BUNDLE_IDENTIFIER = bitsoev.MedicApp;
				PRODUCT_NAME = "$(TARGET_NAME)";
				SWIFT_VERSION = 5.0;
				TARGETED_DEVICE_FAMILY = "1,2";
			};
			name = Debug;
		};
		AC7F4CB1227CAEF0002A42AF /* Release */ = {
			isa = XCBuildConfiguration;
			buildSettings = {
				ASSETCATALOG_COMPILER_APPICON_NAME = AppIcon;
				CODE_SIGN_STYLE = Automatic;
				DEVELOPMENT_TEAM = 89WB9E7UEU;
				INFOPLIST_FILE = MedicApp/Info.plist;
				IPHONEOS_DEPLOYMENT_TARGET = 10.0;
				LD_RUNPATH_SEARCH_PATHS = (
					"$(inherited)",
					"@executable_path/Frameworks",
				);
				PRODUCT_BUNDLE_IDENTIFIER = bitsoev.MedicApp;
				PRODUCT_NAME = "$(TARGET_NAME)";
				SWIFT_VERSION = 5.0;
				TARGETED_DEVICE_FAMILY = "1,2";
			};
			name = Release;
		};
/* End XCBuildConfiguration section */

/* Begin XCConfigurationList section */
		AC7F4C98227CAEED002A42AF /* Build configuration list for PBXProject "MedicApp" */ = {
			isa = XCConfigurationList;
			buildConfigurations = (
				AC7F4CAD227CAEF0002A42AF /* Debug */,
				AC7F4CAE227CAEF0002A42AF /* Release */,
			);
			defaultConfigurationIsVisible = 0;
			defaultConfigurationName = Release;
		};
		AC7F4CAF227CAEF0002A42AF /* Build configuration list for PBXNativeTarget "MedicApp" */ = {
			isa = XCConfigurationList;
			buildConfigurations = (
				AC7F4CB0227CAEF0002A42AF /* Debug */,
				AC7F4CB1227CAEF0002A42AF /* Release */,
			);
			defaultConfigurationIsVisible = 0;
			defaultConfigurationName = Release;
		};
/* End XCConfigurationList section */
	};
	rootObject = AC7F4C95227CAEED002A42AF /* Project object */;
}
