// !$*UTF8*$!
{
	archiveVersion = 1;
	classes = {
	};
	objectVersion = 50;
	objects = {

/* Begin PBXBuildFile section */
		8928B905D03C0711AD20A687 /* Pods_MedicApp.framework in Frameworks */ = {isa = PBXBuildFile; fileRef = 183511A65B18E52E9E57BC4B /* Pods_MedicApp.framework */; };
		AC3DE1F82296831D001548B4 /* RecordTimeCollection.swift in Sources */ = {isa = PBXBuildFile; fileRef = AC3DE1F72296831D001548B4 /* RecordTimeCollection.swift */; };
		AC3DE1FC2296909C001548B4 /* RecordTimeCell.swift in Sources */ = {isa = PBXBuildFile; fileRef = AC3DE1FB2296909C001548B4 /* RecordTimeCell.swift */; };
		AC50F12D22A7BDED000B78AF /* EnterCodeVC.swift in Sources */ = {isa = PBXBuildFile; fileRef = AC50F12C22A7BDED000B78AF /* EnterCodeVC.swift */; };
		AC50F12F22A7BE16000B78AF /* ForgotPasswordService.swift in Sources */ = {isa = PBXBuildFile; fileRef = AC50F12E22A7BE16000B78AF /* ForgotPasswordService.swift */; };
		AC5502ED22A79DC400EB0A30 /* EnterTFDelegate.swift in Sources */ = {isa = PBXBuildFile; fileRef = AC5502EC22A79DC400EB0A30 /* EnterTFDelegate.swift */; };
		AC5502EF22A7A26800EB0A30 /* RegistrationTFDelegate.swift in Sources */ = {isa = PBXBuildFile; fileRef = AC5502EE22A7A26800EB0A30 /* RegistrationTFDelegate.swift */; };
		AC6B9174229534B30079CF1F /* MainTabBarController.swift in Sources */ = {isa = PBXBuildFile; fileRef = AC6B9173229534B30079CF1F /* MainTabBarController.swift */; };
		AC6B91772295364B0079CF1F /* RecordVC.swift in Sources */ = {isa = PBXBuildFile; fileRef = AC6B91762295364B0079CF1F /* RecordVC.swift */; };
		AC6B917A229536850079CF1F /* ProfileVC.swift in Sources */ = {isa = PBXBuildFile; fileRef = AC6B9179229536850079CF1F /* ProfileVC.swift */; };
		AC6B917C229536910079CF1F /* Profile.storyboard in Resources */ = {isa = PBXBuildFile; fileRef = AC6B917B229536910079CF1F /* Profile.storyboard */; };
		AC6B918022953BC20079CF1F /* OpeningChatVC.swift in Sources */ = {isa = PBXBuildFile; fileRef = AC6B917F22953BC20079CF1F /* OpeningChatVC.swift */; };
		AC6B918322953E380079CF1F /* ChatService.swift in Sources */ = {isa = PBXBuildFile; fileRef = AC6B918222953E380079CF1F /* ChatService.swift */; };
		AC6B91932295744A0079CF1F /* NotificationManager.swift in Sources */ = {isa = PBXBuildFile; fileRef = AC6B91922295744A0079CF1F /* NotificationManager.swift */; };
		AC6B91952295747A0079CF1F /* NotificationNames.swift in Sources */ = {isa = PBXBuildFile; fileRef = AC6B91942295747A0079CF1F /* NotificationNames.swift */; };
		AC6B91972295759D0079CF1F /* MessageHistoryService.swift in Sources */ = {isa = PBXBuildFile; fileRef = AC6B91962295759D0079CF1F /* MessageHistoryService.swift */; };
		AC6B919A229584CE0079CF1F /* ChatImageVC.swift in Sources */ = {isa = PBXBuildFile; fileRef = AC6B9199229584CE0079CF1F /* ChatImageVC.swift */; };
		AC7BF2C12296A29D0007AE31 /* CalendarVC.swift in Sources */ = {isa = PBXBuildFile; fileRef = AC7BF2C02296A29D0007AE31 /* CalendarVC.swift */; };
		AC7BF2C52296E88F0007AE31 /* Record.swift in Sources */ = {isa = PBXBuildFile; fileRef = AC7BF2C42296E88F0007AE31 /* Record.swift */; };
		AC7F4CA1227CAEEE002A42AF /* AppDelegate.swift in Sources */ = {isa = PBXBuildFile; fileRef = AC7F4CA0227CAEEE002A42AF /* AppDelegate.swift */; };
		AC7F4CA3227CAEEE002A42AF /* RegistrationView.swift in Sources */ = {isa = PBXBuildFile; fileRef = AC7F4CA2227CAEEE002A42AF /* RegistrationView.swift */; };
		AC7F4CA6227CAEEE002A42AF /* Registration+Enter.storyboard in Resources */ = {isa = PBXBuildFile; fileRef = AC7F4CA4227CAEEE002A42AF /* Registration+Enter.storyboard */; };
		AC7F4CA8227CAEF0002A42AF /* Assets.xcassets in Resources */ = {isa = PBXBuildFile; fileRef = AC7F4CA7227CAEF0002A42AF /* Assets.xcassets */; };
		AC7F4CAB227CAEF0002A42AF /* LaunchScreen.storyboard in Resources */ = {isa = PBXBuildFile; fileRef = AC7F4CA9227CAEF0002A42AF /* LaunchScreen.storyboard */; };
		AC7F4CB5227CAF68002A42AF /* WaveGradientView.swift in Sources */ = {isa = PBXBuildFile; fileRef = AC7F4CB4227CAF68002A42AF /* WaveGradientView.swift */; };
		AC7F4CB7227CB6CA002A42AF /* ViewUnderTextFields.swift in Sources */ = {isa = PBXBuildFile; fileRef = AC7F4CB6227CB6CA002A42AF /* ViewUnderTextFields.swift */; };
		AC8EB8F222A7EA66003050DC /* EnterCodeTFDelegate.swift in Sources */ = {isa = PBXBuildFile; fileRef = AC8EB8F122A7EA66003050DC /* EnterCodeTFDelegate.swift */; };
		ACAC21EA22AC180D001974BD /* RecordService.swift in Sources */ = {isa = PBXBuildFile; fileRef = ACAC21E922AC180D001974BD /* RecordService.swift */; };
		ACB543F3229E672200CC2FBA /* MyProfileTableView.swift in Sources */ = {isa = PBXBuildFile; fileRef = ACB543F2229E672200CC2FBA /* MyProfileTableView.swift */; };
		ACBCC95122A525A2008DEFCB /* EnterService.swift in Sources */ = {isa = PBXBuildFile; fileRef = ACBCC95022A525A2008DEFCB /* EnterService.swift */; };
		ACBCC95322A5271F008DEFCB /* ApiInfo.swift in Sources */ = {isa = PBXBuildFile; fileRef = ACBCC95222A5271F008DEFCB /* ApiInfo.swift */; };
		ACBCC95922A548AB008DEFCB /* TokenService.swift in Sources */ = {isa = PBXBuildFile; fileRef = ACBCC95822A548AB008DEFCB /* TokenService.swift */; };
		ACBCC95B22A562F3008DEFCB /* RegistrationService.swift in Sources */ = {isa = PBXBuildFile; fileRef = ACBCC95A22A562F3008DEFCB /* RegistrationService.swift */; };
		ACBCC96022A56C3A008DEFCB /* RegistrationCodeVC.swift in Sources */ = {isa = PBXBuildFile; fileRef = ACBCC95F22A56C3A008DEFCB /* RegistrationCodeVC.swift */; };
		ACC41D292292D2DF0042B200 /* Chat.storyboard in Resources */ = {isa = PBXBuildFile; fileRef = ACC41D282292D2DF0042B200 /* Chat.storyboard */; };
		ACC41D2D2292D35B0042B200 /* ChatVC.swift in Sources */ = {isa = PBXBuildFile; fileRef = ACC41D2C2292D35B0042B200 /* ChatVC.swift */; };
		ACC41D302292D4060042B200 /* ChatHeaderVIew.swift in Sources */ = {isa = PBXBuildFile; fileRef = ACC41D2F2292D4060042B200 /* ChatHeaderVIew.swift */; };
		ACC41D322292D8C10042B200 /* SimpleGradientView.swift in Sources */ = {isa = PBXBuildFile; fileRef = ACC41D312292D8C10042B200 /* SimpleGradientView.swift */; };
		ACC41D362292EAED0042B200 /* ChatTFDelegate.swift in Sources */ = {isa = PBXBuildFile; fileRef = ACC41D352292EAED0042B200 /* ChatTFDelegate.swift */; };
		ACCE27502294168A00E3126E /* ChatTableviewDelegate.swift in Sources */ = {isa = PBXBuildFile; fileRef = ACCE274F2294168A00E3126E /* ChatTableviewDelegate.swift */; };
		ACCE275222941BC800E3126E /* MessageLabel.swift in Sources */ = {isa = PBXBuildFile; fileRef = ACCE275122941BC800E3126E /* MessageLabel.swift */; };
		ACCE27562294245D00E3126E /* Message.swift in Sources */ = {isa = PBXBuildFile; fileRef = ACCE27552294245D00E3126E /* Message.swift */; };
		ACCE2758229424EE00E3126E /* Sender.swift in Sources */ = {isa = PBXBuildFile; fileRef = ACCE2757229424EE00E3126E /* Sender.swift */; };
		ACCE275A229425ED00E3126E /* MessageContentType.swift in Sources */ = {isa = PBXBuildFile; fileRef = ACCE2759229425ED00E3126E /* MessageContentType.swift */; };
		ACCE275C2294270700E3126E /* UserMessageCell.swift in Sources */ = {isa = PBXBuildFile; fileRef = ACCE275B2294270700E3126E /* UserMessageCell.swift */; };
		ACCE275E2294271A00E3126E /* PenPalMessageCell.swift in Sources */ = {isa = PBXBuildFile; fileRef = ACCE275D2294271A00E3126E /* PenPalMessageCell.swift */; };
		ACCE27602294309E00E3126E /* UserImageCell.swift in Sources */ = {isa = PBXBuildFile; fileRef = ACCE275F2294309E00E3126E /* UserImageCell.swift */; };
		ACCE2762229430AE00E3126E /* PenPalImageCell.swift in Sources */ = {isa = PBXBuildFile; fileRef = ACCE2761229430AE00E3126E /* PenPalImageCell.swift */; };
		ACCE276422943DFB00E3126E /* Вход.png in Resources */ = {isa = PBXBuildFile; fileRef = ACCE276322943DFB00E3126E /* Вход.png */; };
		ACD3BAC12297C861002882D7 /* Colors.swift in Sources */ = {isa = PBXBuildFile; fileRef = ACD3BAC02297C861002882D7 /* Colors.swift */; };
		ACD3BAC42297ECFE002882D7 /* ProfileHeaderView.swift in Sources */ = {isa = PBXBuildFile; fileRef = ACD3BAC32297ECFE002882D7 /* ProfileHeaderView.swift */; };
		ACD3BAC622981D83002882D7 /* ViewRoundedBorders.swift in Sources */ = {isa = PBXBuildFile; fileRef = ACD3BAC522981D83002882D7 /* ViewRoundedBorders.swift */; };
		ACD3BAC82298220E002882D7 /* ProfileTableView.swift in Sources */ = {isa = PBXBuildFile; fileRef = ACD3BAC72298220E002882D7 /* ProfileTableView.swift */; };
		ACD3BACA22982BA4002882D7 /* ViewCheckRound.swift in Sources */ = {isa = PBXBuildFile; fileRef = ACD3BAC922982BA4002882D7 /* ViewCheckRound.swift */; };
		ACD3BACC22983229002882D7 /* ProfileTextFieldCell.swift in Sources */ = {isa = PBXBuildFile; fileRef = ACD3BACB22983229002882D7 /* ProfileTextFieldCell.swift */; };
		ACD3BACE2298324A002882D7 /* ProfileSelectCell.swift in Sources */ = {isa = PBXBuildFile; fileRef = ACD3BACD2298324A002882D7 /* ProfileSelectCell.swift */; };
		ACD627AA22A8FAB500303B05 /* RegistrationCodeVCTFDelegate.swift in Sources */ = {isa = PBXBuildFile; fileRef = ACD627A922A8FAB500303B05 /* RegistrationCodeVCTFDelegate.swift */; };
		ACD627AE22A8FCDA00303B05 /* ProfileAPIService.swift in Sources */ = {isa = PBXBuildFile; fileRef = ACD627AD22A8FCDA00303B05 /* ProfileAPIService.swift */; };
		ACD627B022A8FD8600303B05 /* PatientProfile.swift in Sources */ = {isa = PBXBuildFile; fileRef = ACD627AF22A8FD8600303B05 /* PatientProfile.swift */; };
		ACD627B422A930B700303B05 /* ProfileSaveCell.swift in Sources */ = {isa = PBXBuildFile; fileRef = ACD627B322A930B700303B05 /* ProfileSaveCell.swift */; };
		ACD64734228AF11C0091257E /* Gradient.swift in Sources */ = {isa = PBXBuildFile; fileRef = ACD64733228AF11C0091257E /* Gradient.swift */; };
		ACD64736228B016C0091257E /* EnterView.swift in Sources */ = {isa = PBXBuildFile; fileRef = ACD64735228B016C0091257E /* EnterView.swift */; };
		ACDF8E2822A6B97B000D6A8A /* GetExercisesService.swift in Sources */ = {isa = PBXBuildFile; fileRef = ACDF8E2722A6B97B000D6A8A /* GetExercisesService.swift */; };
		ACE43F29228ECF74007BCBC0 /* ExcercisesTableVIew.swift in Sources */ = {isa = PBXBuildFile; fileRef = ACE43F28228ECF74007BCBC0 /* ExcercisesTableVIew.swift */; };
		ACE43F2C228ED2B7007BCBC0 /* ExcercisesCell.swift in Sources */ = {isa = PBXBuildFile; fileRef = ACE43F2B228ED2B7007BCBC0 /* ExcercisesCell.swift */; };
		ACE43F2F228EDFCC007BCBC0 /* ViewPlay.swift in Sources */ = {isa = PBXBuildFile; fileRef = ACE43F2E228EDFCC007BCBC0 /* ViewPlay.swift */; };
		ACE43F33228EEAC2007BCBC0 /* DiagnosticResultsVC.swift in Sources */ = {isa = PBXBuildFile; fileRef = ACE43F32228EEAC2007BCBC0 /* DiagnosticResultsVC.swift */; };
		ACE43F35228EEB1B007BCBC0 /* DiagnosticResults.storyboard in Resources */ = {isa = PBXBuildFile; fileRef = ACE43F34228EEB1B007BCBC0 /* DiagnosticResults.storyboard */; };
		ACE43F39228EED8C007BCBC0 /* ViewGradientHeader.swift in Sources */ = {isa = PBXBuildFile; fileRef = ACE43F38228EED8C007BCBC0 /* ViewGradientHeader.swift */; };
		ACE43F3B228EF3D4007BCBC0 /* DiagnosticResultsTableView.swift in Sources */ = {isa = PBXBuildFile; fileRef = ACE43F3A228EF3D4007BCBC0 /* DiagnosticResultsTableView.swift */; };
		ACE43F3D228EF43B007BCBC0 /* DiagnosticResultsCell.swift in Sources */ = {isa = PBXBuildFile; fileRef = ACE43F3C228EF43B007BCBC0 /* DiagnosticResultsCell.swift */; };
		ACE4E2DC22B76E560062C906 /* Excercise.swift in Sources */ = {isa = PBXBuildFile; fileRef = ACE4E2DB22B76E560062C906 /* Excercise.swift */; };
		ACF76AD4227CCE7D00FE7648 /* SF-Compact-Rounded-Thin.otf in Resources */ = {isa = PBXBuildFile; fileRef = ACF76ACB227CCE7D00FE7648 /* SF-Compact-Rounded-Thin.otf */; };
		ACF76AD5227CCE7D00FE7648 /* SF-Compact-Rounded-Black.otf in Resources */ = {isa = PBXBuildFile; fileRef = ACF76ACC227CCE7D00FE7648 /* SF-Compact-Rounded-Black.otf */; };
		ACF76AD6227CCE7D00FE7648 /* SF-Compact-Rounded-Bold.otf in Resources */ = {isa = PBXBuildFile; fileRef = ACF76ACD227CCE7D00FE7648 /* SF-Compact-Rounded-Bold.otf */; };
		ACF76AD7227CCE7D00FE7648 /* SF-Compact-Rounded-Light.otf in Resources */ = {isa = PBXBuildFile; fileRef = ACF76ACE227CCE7D00FE7648 /* SF-Compact-Rounded-Light.otf */; };
		ACF76AD8227CCE7D00FE7648 /* SF-Compact-Rounded-Medium.otf in Resources */ = {isa = PBXBuildFile; fileRef = ACF76ACF227CCE7D00FE7648 /* SF-Compact-Rounded-Medium.otf */; };
		ACF76AD9227CCE7D00FE7648 /* SF-Compact-Rounded-Ultralight.otf in Resources */ = {isa = PBXBuildFile; fileRef = ACF76AD0227CCE7D00FE7648 /* SF-Compact-Rounded-Ultralight.otf */; };
		ACF76ADA227CCE7D00FE7648 /* SF-Compact-Rounded-Semibold.otf in Resources */ = {isa = PBXBuildFile; fileRef = ACF76AD1227CCE7D00FE7648 /* SF-Compact-Rounded-Semibold.otf */; };
		ACF76ADB227CCE7D00FE7648 /* SF-Compact-Rounded-Regular.otf in Resources */ = {isa = PBXBuildFile; fileRef = ACF76AD2227CCE7D00FE7648 /* SF-Compact-Rounded-Regular.otf */; };
		ACF76ADC227CCE7D00FE7648 /* SF-Compact-Rounded-Heavy.otf in Resources */ = {isa = PBXBuildFile; fileRef = ACF76AD3227CCE7D00FE7648 /* SF-Compact-Rounded-Heavy.otf */; };
		ACF76AE3227CD50000FE7648 /* ButtonGradient.swift in Sources */ = {isa = PBXBuildFile; fileRef = ACF76AE2227CD50000FE7648 /* ButtonGradient.swift */; };
		ACFC9B85228D8ECD009F5798 /* Record.storyboard in Resources */ = {isa = PBXBuildFile; fileRef = ACFC9B84228D8ECD009F5798 /* Record.storyboard */; };
		ACFC9B87228DABBD009F5798 /* Excercises.storyboard in Resources */ = {isa = PBXBuildFile; fileRef = ACFC9B86228DABBD009F5798 /* Excercises.storyboard */; };
		ACFC9B8D228DAE33009F5798 /* ExcercisesVC.swift in Sources */ = {isa = PBXBuildFile; fileRef = ACFC9B8C228DAE33009F5798 /* ExcercisesVC.swift */; };
		ACFF099822B2EF970033C1F1 /* DiagnosticService.swift in Sources */ = {isa = PBXBuildFile; fileRef = ACFF099722B2EF970033C1F1 /* DiagnosticService.swift */; };
/* End PBXBuildFile section */

/* Begin PBXFileReference section */
		183511A65B18E52E9E57BC4B /* Pods_MedicApp.framework */ = {isa = PBXFileReference; explicitFileType = wrapper.framework; includeInIndex = 0; path = Pods_MedicApp.framework; sourceTree = BUILT_PRODUCTS_DIR; };
		3C9DE87BDA3D6F60112CC839 /* Pods-MedicApp.release.xcconfig */ = {isa = PBXFileReference; includeInIndex = 1; lastKnownFileType = text.xcconfig; name = "Pods-MedicApp.release.xcconfig"; path = "Target Support Files/Pods-MedicApp/Pods-MedicApp.release.xcconfig"; sourceTree = "<group>"; };
		AC3DE1F72296831D001548B4 /* RecordTimeCollection.swift */ = {isa = PBXFileReference; lastKnownFileType = sourcecode.swift; path = RecordTimeCollection.swift; sourceTree = "<group>"; };
		AC3DE1FB2296909C001548B4 /* RecordTimeCell.swift */ = {isa = PBXFileReference; lastKnownFileType = sourcecode.swift; path = RecordTimeCell.swift; sourceTree = "<group>"; };
		AC50F12C22A7BDED000B78AF /* EnterCodeVC.swift */ = {isa = PBXFileReference; lastKnownFileType = sourcecode.swift; path = EnterCodeVC.swift; sourceTree = "<group>"; };
		AC50F12E22A7BE16000B78AF /* ForgotPasswordService.swift */ = {isa = PBXFileReference; lastKnownFileType = sourcecode.swift; name = ForgotPasswordService.swift; path = "MedicApp/Registration+Enter/EnterCodeVC/ForgotPasswordService.swift"; sourceTree = SOURCE_ROOT; };
		AC5502EC22A79DC400EB0A30 /* EnterTFDelegate.swift */ = {isa = PBXFileReference; lastKnownFileType = sourcecode.swift; name = EnterTFDelegate.swift; path = MedicApp/ExcercisesVC/Servicies/EnterTFDelegate.swift; sourceTree = SOURCE_ROOT; };
		AC5502EE22A7A26800EB0A30 /* RegistrationTFDelegate.swift */ = {isa = PBXFileReference; lastKnownFileType = sourcecode.swift; path = RegistrationTFDelegate.swift; sourceTree = "<group>"; };
		AC6B9173229534B30079CF1F /* MainTabBarController.swift */ = {isa = PBXFileReference; lastKnownFileType = sourcecode.swift; path = MainTabBarController.swift; sourceTree = "<group>"; };
		AC6B91762295364B0079CF1F /* RecordVC.swift */ = {isa = PBXFileReference; lastKnownFileType = sourcecode.swift; path = RecordVC.swift; sourceTree = "<group>"; };
		AC6B9179229536850079CF1F /* ProfileVC.swift */ = {isa = PBXFileReference; lastKnownFileType = sourcecode.swift; path = ProfileVC.swift; sourceTree = "<group>"; };
		AC6B917B229536910079CF1F /* Profile.storyboard */ = {isa = PBXFileReference; lastKnownFileType = file.storyboard; path = Profile.storyboard; sourceTree = "<group>"; };
		AC6B917F22953BC20079CF1F /* OpeningChatVC.swift */ = {isa = PBXFileReference; lastKnownFileType = sourcecode.swift; path = OpeningChatVC.swift; sourceTree = "<group>"; };
		AC6B918222953E380079CF1F /* ChatService.swift */ = {isa = PBXFileReference; lastKnownFileType = sourcecode.swift; path = ChatService.swift; sourceTree = "<group>"; };
		AC6B91922295744A0079CF1F /* NotificationManager.swift */ = {isa = PBXFileReference; lastKnownFileType = sourcecode.swift; path = NotificationManager.swift; sourceTree = "<group>"; };
		AC6B91942295747A0079CF1F /* NotificationNames.swift */ = {isa = PBXFileReference; lastKnownFileType = sourcecode.swift; path = NotificationNames.swift; sourceTree = "<group>"; };
		AC6B91962295759D0079CF1F /* MessageHistoryService.swift */ = {isa = PBXFileReference; lastKnownFileType = sourcecode.swift; path = MessageHistoryService.swift; sourceTree = "<group>"; };
		AC6B9199229584CE0079CF1F /* ChatImageVC.swift */ = {isa = PBXFileReference; lastKnownFileType = sourcecode.swift; path = ChatImageVC.swift; sourceTree = "<group>"; };
		AC7BF2C02296A29D0007AE31 /* CalendarVC.swift */ = {isa = PBXFileReference; lastKnownFileType = sourcecode.swift; path = CalendarVC.swift; sourceTree = "<group>"; };
		AC7BF2C42296E88F0007AE31 /* Record.swift */ = {isa = PBXFileReference; lastKnownFileType = sourcecode.swift; path = Record.swift; sourceTree = "<group>"; };
		AC7F4C9D227CAEEE002A42AF /* MedicApp.app */ = {isa = PBXFileReference; explicitFileType = wrapper.application; includeInIndex = 0; path = MedicApp.app; sourceTree = BUILT_PRODUCTS_DIR; };
		AC7F4CA0227CAEEE002A42AF /* AppDelegate.swift */ = {isa = PBXFileReference; lastKnownFileType = sourcecode.swift; path = AppDelegate.swift; sourceTree = "<group>"; };
		AC7F4CA2227CAEEE002A42AF /* RegistrationView.swift */ = {isa = PBXFileReference; lastKnownFileType = sourcecode.swift; path = RegistrationView.swift; sourceTree = "<group>"; };
		AC7F4CA5227CAEEE002A42AF /* Base */ = {isa = PBXFileReference; lastKnownFileType = file.storyboard; name = Base; path = "Base.lproj/Registration+Enter.storyboard"; sourceTree = "<group>"; };
		AC7F4CA7227CAEF0002A42AF /* Assets.xcassets */ = {isa = PBXFileReference; lastKnownFileType = folder.assetcatalog; path = Assets.xcassets; sourceTree = "<group>"; };
		AC7F4CAA227CAEF0002A42AF /* Base */ = {isa = PBXFileReference; lastKnownFileType = file.storyboard; name = Base; path = Base.lproj/LaunchScreen.storyboard; sourceTree = "<group>"; };
		AC7F4CAC227CAEF0002A42AF /* Info.plist */ = {isa = PBXFileReference; lastKnownFileType = text.plist.xml; path = Info.plist; sourceTree = "<group>"; };
		AC7F4CB4227CAF68002A42AF /* WaveGradientView.swift */ = {isa = PBXFileReference; fileEncoding = 4; lastKnownFileType = sourcecode.swift; path = WaveGradientView.swift; sourceTree = "<group>"; };
		AC7F4CB6227CB6CA002A42AF /* ViewUnderTextFields.swift */ = {isa = PBXFileReference; lastKnownFileType = sourcecode.swift; path = ViewUnderTextFields.swift; sourceTree = "<group>"; };
		AC8EB8F122A7EA66003050DC /* EnterCodeTFDelegate.swift */ = {isa = PBXFileReference; lastKnownFileType = sourcecode.swift; path = EnterCodeTFDelegate.swift; sourceTree = "<group>"; };
		ACAC21E922AC180D001974BD /* RecordService.swift */ = {isa = PBXFileReference; lastKnownFileType = sourcecode.swift; path = RecordService.swift; sourceTree = "<group>"; };
		ACB543F2229E672200CC2FBA /* MyProfileTableView.swift */ = {isa = PBXFileReference; lastKnownFileType = sourcecode.swift; path = MyProfileTableView.swift; sourceTree = "<group>"; };
		ACBCC95022A525A2008DEFCB /* EnterService.swift */ = {isa = PBXFileReference; lastKnownFileType = sourcecode.swift; name = EnterService.swift; path = MedicApp/GlobalEntities/EnterService.swift; sourceTree = SOURCE_ROOT; };
		ACBCC95222A5271F008DEFCB /* ApiInfo.swift */ = {isa = PBXFileReference; lastKnownFileType = sourcecode.swift; path = ApiInfo.swift; sourceTree = "<group>"; };
		ACBCC95822A548AB008DEFCB /* TokenService.swift */ = {isa = PBXFileReference; lastKnownFileType = sourcecode.swift; path = TokenService.swift; sourceTree = "<group>"; };
		ACBCC95A22A562F3008DEFCB /* RegistrationService.swift */ = {isa = PBXFileReference; lastKnownFileType = sourcecode.swift; name = RegistrationService.swift; path = MedicApp/GlobalServices/API/RegistrationService.swift; sourceTree = SOURCE_ROOT; };
		ACBCC95F22A56C3A008DEFCB /* RegistrationCodeVC.swift */ = {isa = PBXFileReference; lastKnownFileType = sourcecode.swift; path = RegistrationCodeVC.swift; sourceTree = "<group>"; };
		ACC41D282292D2DF0042B200 /* Chat.storyboard */ = {isa = PBXFileReference; lastKnownFileType = file.storyboard; path = Chat.storyboard; sourceTree = "<group>"; };
		ACC41D2C2292D35B0042B200 /* ChatVC.swift */ = {isa = PBXFileReference; lastKnownFileType = sourcecode.swift; path = ChatVC.swift; sourceTree = "<group>"; };
		ACC41D2F2292D4060042B200 /* ChatHeaderVIew.swift */ = {isa = PBXFileReference; lastKnownFileType = sourcecode.swift; path = ChatHeaderVIew.swift; sourceTree = "<group>"; };
		ACC41D312292D8C10042B200 /* SimpleGradientView.swift */ = {isa = PBXFileReference; lastKnownFileType = sourcecode.swift; path = SimpleGradientView.swift; sourceTree = "<group>"; };
		ACC41D352292EAED0042B200 /* ChatTFDelegate.swift */ = {isa = PBXFileReference; lastKnownFileType = sourcecode.swift; path = ChatTFDelegate.swift; sourceTree = "<group>"; };
		ACCE274F2294168A00E3126E /* ChatTableviewDelegate.swift */ = {isa = PBXFileReference; lastKnownFileType = sourcecode.swift; path = ChatTableviewDelegate.swift; sourceTree = "<group>"; };
		ACCE275122941BC800E3126E /* MessageLabel.swift */ = {isa = PBXFileReference; lastKnownFileType = sourcecode.swift; path = MessageLabel.swift; sourceTree = "<group>"; };
		ACCE27552294245D00E3126E /* Message.swift */ = {isa = PBXFileReference; lastKnownFileType = sourcecode.swift; path = Message.swift; sourceTree = "<group>"; };
		ACCE2757229424EE00E3126E /* Sender.swift */ = {isa = PBXFileReference; lastKnownFileType = sourcecode.swift; path = Sender.swift; sourceTree = "<group>"; };
		ACCE2759229425ED00E3126E /* MessageContentType.swift */ = {isa = PBXFileReference; lastKnownFileType = sourcecode.swift; path = MessageContentType.swift; sourceTree = "<group>"; };
		ACCE275B2294270700E3126E /* UserMessageCell.swift */ = {isa = PBXFileReference; lastKnownFileType = sourcecode.swift; path = UserMessageCell.swift; sourceTree = "<group>"; };
		ACCE275D2294271A00E3126E /* PenPalMessageCell.swift */ = {isa = PBXFileReference; lastKnownFileType = sourcecode.swift; path = PenPalMessageCell.swift; sourceTree = "<group>"; };
		ACCE275F2294309E00E3126E /* UserImageCell.swift */ = {isa = PBXFileReference; lastKnownFileType = sourcecode.swift; path = UserImageCell.swift; sourceTree = "<group>"; };
		ACCE2761229430AE00E3126E /* PenPalImageCell.swift */ = {isa = PBXFileReference; lastKnownFileType = sourcecode.swift; path = PenPalImageCell.swift; sourceTree = "<group>"; };
		ACCE276322943DFB00E3126E /* Вход.png */ = {isa = PBXFileReference; lastKnownFileType = image.png; path = "Вход.png"; sourceTree = "<group>"; };
		ACD3BAC02297C861002882D7 /* Colors.swift */ = {isa = PBXFileReference; lastKnownFileType = sourcecode.swift; path = Colors.swift; sourceTree = "<group>"; };
		ACD3BAC32297ECFE002882D7 /* ProfileHeaderView.swift */ = {isa = PBXFileReference; lastKnownFileType = sourcecode.swift; path = ProfileHeaderView.swift; sourceTree = "<group>"; };
		ACD3BAC522981D83002882D7 /* ViewRoundedBorders.swift */ = {isa = PBXFileReference; lastKnownFileType = sourcecode.swift; path = ViewRoundedBorders.swift; sourceTree = "<group>"; };
		ACD3BAC72298220E002882D7 /* ProfileTableView.swift */ = {isa = PBXFileReference; lastKnownFileType = sourcecode.swift; path = ProfileTableView.swift; sourceTree = "<group>"; };
		ACD3BAC922982BA4002882D7 /* ViewCheckRound.swift */ = {isa = PBXFileReference; lastKnownFileType = sourcecode.swift; path = ViewCheckRound.swift; sourceTree = "<group>"; };
		ACD3BACB22983229002882D7 /* ProfileTextFieldCell.swift */ = {isa = PBXFileReference; lastKnownFileType = sourcecode.swift; path = ProfileTextFieldCell.swift; sourceTree = "<group>"; };
		ACD3BACD2298324A002882D7 /* ProfileSelectCell.swift */ = {isa = PBXFileReference; lastKnownFileType = sourcecode.swift; path = ProfileSelectCell.swift; sourceTree = "<group>"; };
		ACD627A922A8FAB500303B05 /* RegistrationCodeVCTFDelegate.swift */ = {isa = PBXFileReference; lastKnownFileType = sourcecode.swift; path = RegistrationCodeVCTFDelegate.swift; sourceTree = "<group>"; };
		ACD627AD22A8FCDA00303B05 /* ProfileAPIService.swift */ = {isa = PBXFileReference; lastKnownFileType = sourcecode.swift; path = ProfileAPIService.swift; sourceTree = "<group>"; };
		ACD627AF22A8FD8600303B05 /* PatientProfile.swift */ = {isa = PBXFileReference; lastKnownFileType = sourcecode.swift; path = PatientProfile.swift; sourceTree = "<group>"; };
		ACD627B322A930B700303B05 /* ProfileSaveCell.swift */ = {isa = PBXFileReference; lastKnownFileType = sourcecode.swift; path = ProfileSaveCell.swift; sourceTree = "<group>"; };
		ACD64733228AF11C0091257E /* Gradient.swift */ = {isa = PBXFileReference; lastKnownFileType = sourcecode.swift; path = Gradient.swift; sourceTree = "<group>"; };
		ACD64735228B016C0091257E /* EnterView.swift */ = {isa = PBXFileReference; lastKnownFileType = sourcecode.swift; name = EnterView.swift; path = MedicApp/GlobalEntities/EnterView.swift; sourceTree = SOURCE_ROOT; };
		ACDF8E2722A6B97B000D6A8A /* GetExercisesService.swift */ = {isa = PBXFileReference; lastKnownFileType = sourcecode.swift; path = GetExercisesService.swift; sourceTree = "<group>"; };
		ACE43F28228ECF74007BCBC0 /* ExcercisesTableVIew.swift */ = {isa = PBXFileReference; lastKnownFileType = sourcecode.swift; path = ExcercisesTableVIew.swift; sourceTree = "<group>"; };
		ACE43F2B228ED2B7007BCBC0 /* ExcercisesCell.swift */ = {isa = PBXFileReference; lastKnownFileType = sourcecode.swift; path = ExcercisesCell.swift; sourceTree = "<group>"; };
		ACE43F2E228EDFCC007BCBC0 /* ViewPlay.swift */ = {isa = PBXFileReference; lastKnownFileType = sourcecode.swift; name = ViewPlay.swift; path = /Users/atsamaz/Desktop/MedicApp/MedicApp/ExcercisesVC/View/Entities/ViewPlay.swift; sourceTree = "<absolute>"; };
		ACE43F32228EEAC2007BCBC0 /* DiagnosticResultsVC.swift */ = {isa = PBXFileReference; lastKnownFileType = sourcecode.swift; path = DiagnosticResultsVC.swift; sourceTree = "<group>"; };
		ACE43F34228EEB1B007BCBC0 /* DiagnosticResults.storyboard */ = {isa = PBXFileReference; lastKnownFileType = file.storyboard; path = DiagnosticResults.storyboard; sourceTree = "<group>"; };
		ACE43F38228EED8C007BCBC0 /* ViewGradientHeader.swift */ = {isa = PBXFileReference; lastKnownFileType = sourcecode.swift; path = ViewGradientHeader.swift; sourceTree = "<group>"; };
		ACE43F3A228EF3D4007BCBC0 /* DiagnosticResultsTableView.swift */ = {isa = PBXFileReference; lastKnownFileType = sourcecode.swift; path = DiagnosticResultsTableView.swift; sourceTree = "<group>"; };
		ACE43F3C228EF43B007BCBC0 /* DiagnosticResultsCell.swift */ = {isa = PBXFileReference; lastKnownFileType = sourcecode.swift; path = DiagnosticResultsCell.swift; sourceTree = "<group>"; };
		ACE4E2DB22B76E560062C906 /* Excercise.swift */ = {isa = PBXFileReference; lastKnownFileType = sourcecode.swift; path = Excercise.swift; sourceTree = "<group>"; };
		ACF76ACB227CCE7D00FE7648 /* SF-Compact-Rounded-Thin.otf */ = {isa = PBXFileReference; lastKnownFileType = file; path = "SF-Compact-Rounded-Thin.otf"; sourceTree = "<group>"; };
		ACF76ACC227CCE7D00FE7648 /* SF-Compact-Rounded-Black.otf */ = {isa = PBXFileReference; lastKnownFileType = file; path = "SF-Compact-Rounded-Black.otf"; sourceTree = "<group>"; };
		ACF76ACD227CCE7D00FE7648 /* SF-Compact-Rounded-Bold.otf */ = {isa = PBXFileReference; lastKnownFileType = file; path = "SF-Compact-Rounded-Bold.otf"; sourceTree = "<group>"; };
		ACF76ACE227CCE7D00FE7648 /* SF-Compact-Rounded-Light.otf */ = {isa = PBXFileReference; lastKnownFileType = file; path = "SF-Compact-Rounded-Light.otf"; sourceTree = "<group>"; };
		ACF76ACF227CCE7D00FE7648 /* SF-Compact-Rounded-Medium.otf */ = {isa = PBXFileReference; lastKnownFileType = file; path = "SF-Compact-Rounded-Medium.otf"; sourceTree = "<group>"; };
		ACF76AD0227CCE7D00FE7648 /* SF-Compact-Rounded-Ultralight.otf */ = {isa = PBXFileReference; lastKnownFileType = file; path = "SF-Compact-Rounded-Ultralight.otf"; sourceTree = "<group>"; };
		ACF76AD1227CCE7D00FE7648 /* SF-Compact-Rounded-Semibold.otf */ = {isa = PBXFileReference; lastKnownFileType = file; path = "SF-Compact-Rounded-Semibold.otf"; sourceTree = "<group>"; };
		ACF76AD2227CCE7D00FE7648 /* SF-Compact-Rounded-Regular.otf */ = {isa = PBXFileReference; lastKnownFileType = file; path = "SF-Compact-Rounded-Regular.otf"; sourceTree = "<group>"; };
		ACF76AD3227CCE7D00FE7648 /* SF-Compact-Rounded-Heavy.otf */ = {isa = PBXFileReference; lastKnownFileType = file; path = "SF-Compact-Rounded-Heavy.otf"; sourceTree = "<group>"; };
		ACF76AE2227CD50000FE7648 /* ButtonGradient.swift */ = {isa = PBXFileReference; lastKnownFileType = sourcecode.swift; path = ButtonGradient.swift; sourceTree = "<group>"; };
		ACFC9B84228D8ECD009F5798 /* Record.storyboard */ = {isa = PBXFileReference; lastKnownFileType = file.storyboard; path = Record.storyboard; sourceTree = "<group>"; };
		ACFC9B86228DABBD009F5798 /* Excercises.storyboard */ = {isa = PBXFileReference; lastKnownFileType = file.storyboard; path = Excercises.storyboard; sourceTree = "<group>"; };
		ACFC9B8C228DAE33009F5798 /* ExcercisesVC.swift */ = {isa = PBXFileReference; lastKnownFileType = sourcecode.swift; path = ExcercisesVC.swift; sourceTree = "<group>"; };
		ACFF099722B2EF970033C1F1 /* DiagnosticService.swift */ = {isa = PBXFileReference; lastKnownFileType = sourcecode.swift; path = DiagnosticService.swift; sourceTree = "<group>"; };
		C806D980F5719E7C547E60EE /* Pods-MedicApp.debug.xcconfig */ = {isa = PBXFileReference; includeInIndex = 1; lastKnownFileType = text.xcconfig; name = "Pods-MedicApp.debug.xcconfig"; path = "Target Support Files/Pods-MedicApp/Pods-MedicApp.debug.xcconfig"; sourceTree = "<group>"; };
/* End PBXFileReference section */

/* Begin PBXFrameworksBuildPhase section */
		AC7F4C9A227CAEEE002A42AF /* Frameworks */ = {
			isa = PBXFrameworksBuildPhase;
			buildActionMask = 2147483647;
			files = (
				8928B905D03C0711AD20A687 /* Pods_MedicApp.framework in Frameworks */,
			);
			runOnlyForDeploymentPostprocessing = 0;
		};
/* End PBXFrameworksBuildPhase section */

/* Begin PBXGroup section */
		563114D714D325A6651976AE /* Pods */ = {
			isa = PBXGroup;
			children = (
				C806D980F5719E7C547E60EE /* Pods-MedicApp.debug.xcconfig */,
				3C9DE87BDA3D6F60112CC839 /* Pods-MedicApp.release.xcconfig */,
			);
			path = Pods;
			sourceTree = "<group>";
		};
		AC50F12B22A7BD7B000B78AF /* EnterCodeVC */ = {
			isa = PBXGroup;
			children = (
				AC50F12C22A7BDED000B78AF /* EnterCodeVC.swift */,
				AC8EB8F122A7EA66003050DC /* EnterCodeTFDelegate.swift */,
			);
			path = EnterCodeVC;
			sourceTree = "<group>";
		};
		AC5B540D227CFB8600C2001A /* Supporting Files */ = {
			isa = PBXGroup;
			children = (
				AC7F4CA0227CAEEE002A42AF /* AppDelegate.swift */,
				AC7F4CA4227CAEEE002A42AF /* Registration+Enter.storyboard */,
				ACFC9B84228D8ECD009F5798 /* Record.storyboard */,
				ACC41D282292D2DF0042B200 /* Chat.storyboard */,
				ACFC9B86228DABBD009F5798 /* Excercises.storyboard */,
				ACE43F34228EEB1B007BCBC0 /* DiagnosticResults.storyboard */,
				AC6B917B229536910079CF1F /* Profile.storyboard */,
				AC7F4CA7227CAEF0002A42AF /* Assets.xcassets */,
				AC7F4CA9227CAEF0002A42AF /* LaunchScreen.storyboard */,
			);
			path = "Supporting Files";
			sourceTree = "<group>";
		};
		AC6B9175229536280079CF1F /* RecordVC */ = {
			isa = PBXGroup;
			children = (
				ACAC21E822AC17F4001974BD /* Servicies */,
				AC7BF2C42296E88F0007AE31 /* Record.swift */,
				AC6B91762295364B0079CF1F /* RecordVC.swift */,
				AC3DE1F72296831D001548B4 /* RecordTimeCollection.swift */,
				AC3DE1FB2296909C001548B4 /* RecordTimeCell.swift */,
			);
			path = RecordVC;
			sourceTree = "<group>";
		};
		AC6B91782295365A0079CF1F /* ProfileVC */ = {
			isa = PBXGroup;
			children = (
				AC6B9179229536850079CF1F /* ProfileVC.swift */,
				ACB543F2229E672200CC2FBA /* MyProfileTableView.swift */,
				ACD3BAC72298220E002882D7 /* ProfileTableView.swift */,
				ACD3BACF2298324F002882D7 /* Cells */,
				ACD3BAC22297ECE9002882D7 /* Entities */,
				ACD627AC22A8FCAF00303B05 /* API */,
			);
			path = ProfileVC;
			sourceTree = "<group>";
		};
		AC6B918122953E270079CF1F /* Servicies */ = {
			isa = PBXGroup;
			children = (
				AC6B918222953E380079CF1F /* ChatService.swift */,
				AC6B91962295759D0079CF1F /* MessageHistoryService.swift */,
			);
			path = Servicies;
			sourceTree = "<group>";
		};
		AC6B918F229574240079CF1F /* GlobalServices */ = {
			isa = PBXGroup;
			children = (
				AC6B91922295744A0079CF1F /* NotificationManager.swift */,
				ACBCC95722A5489C008DEFCB /* API */,
			);
			path = GlobalServices;
			sourceTree = "<group>";
		};
		AC6B9198229584B50079CF1F /* ChatImageVC */ = {
			isa = PBXGroup;
			children = (
				AC6B9199229584CE0079CF1F /* ChatImageVC.swift */,
			);
			path = ChatImageVC;
			sourceTree = "<group>";
		};
		AC7BF2BF2296A2850007AE31 /* CalendarView */ = {
			isa = PBXGroup;
			children = (
				AC7BF2C02296A29D0007AE31 /* CalendarVC.swift */,
			);
			path = CalendarView;
			sourceTree = "<group>";
		};
		AC7F4C94227CAEED002A42AF = {
			isa = PBXGroup;
			children = (
				AC7F4C9F227CAEEE002A42AF /* MedicApp */,
				ACCE276322943DFB00E3126E /* Вход.png */,
				AC7F4C9E227CAEEE002A42AF /* Products */,
				563114D714D325A6651976AE /* Pods */,
				E4739D2809D0826D0474B1B4 /* Frameworks */,
			);
			sourceTree = "<group>";
		};
		AC7F4C9E227CAEEE002A42AF /* Products */ = {
			isa = PBXGroup;
			children = (
				AC7F4C9D227CAEEE002A42AF /* MedicApp.app */,
			);
			name = Products;
			sourceTree = "<group>";
		};
		AC7F4C9F227CAEEE002A42AF /* MedicApp */ = {
			isa = PBXGroup;
			children = (
				AC6B918F229574240079CF1F /* GlobalServices */,
				ACD64732228AF1090091257E /* GlobalEntities */,
				ACF76ADD227CD39C00FE7648 /* Registration+Enter */,
				AC6B9175229536280079CF1F /* RecordVC */,
				AC7BF2BF2296A2850007AE31 /* CalendarView */,
				ACC41D2A2292D3360042B200 /* ChatVC */,
				AC6B9198229584B50079CF1F /* ChatImageVC */,
				ACFC9B88228DACC1009F5798 /* ExcercisesVC */,
				ACE43F31228EE9AA007BCBC0 /* DiagnosticResultsVC */,
				AC6B91782295365A0079CF1F /* ProfileVC */,
				AC7F4CAC227CAEF0002A42AF /* Info.plist */,
				AC5B540D227CFB8600C2001A /* Supporting Files */,
				AC7F4CB8227CCE4C002A42AF /* Шрифты */,
			);
			path = MedicApp;
			sourceTree = "<group>";
		};
		AC7F4CB8227CCE4C002A42AF /* Шрифты */ = {
			isa = PBXGroup;
			children = (
				ACF76ACC227CCE7D00FE7648 /* SF-Compact-Rounded-Black.otf */,
				ACF76ACD227CCE7D00FE7648 /* SF-Compact-Rounded-Bold.otf */,
				ACF76AD3227CCE7D00FE7648 /* SF-Compact-Rounded-Heavy.otf */,
				ACF76ACE227CCE7D00FE7648 /* SF-Compact-Rounded-Light.otf */,
				ACF76ACF227CCE7D00FE7648 /* SF-Compact-Rounded-Medium.otf */,
				ACF76AD2227CCE7D00FE7648 /* SF-Compact-Rounded-Regular.otf */,
				ACF76AD1227CCE7D00FE7648 /* SF-Compact-Rounded-Semibold.otf */,
				ACF76ACB227CCE7D00FE7648 /* SF-Compact-Rounded-Thin.otf */,
				ACF76AD0227CCE7D00FE7648 /* SF-Compact-Rounded-Ultralight.otf */,
			);
			path = "Шрифты";
			sourceTree = "<group>";
		};
		ACAC21E822AC17F4001974BD /* Servicies */ = {
			isa = PBXGroup;
			children = (
				ACAC21E922AC180D001974BD /* RecordService.swift */,
			);
			path = Servicies;
			sourceTree = "<group>";
		};
		ACBCC95422A54610008DEFCB /* API */ = {
			isa = PBXGroup;
			children = (
				ACBCC95222A5271F008DEFCB /* ApiInfo.swift */,
			);
			path = API;
			sourceTree = "<group>";
		};
		ACBCC95722A5489C008DEFCB /* API */ = {
			isa = PBXGroup;
			children = (
				ACBCC95822A548AB008DEFCB /* TokenService.swift */,
			);
			path = API;
			sourceTree = "<group>";
		};
		ACBCC95C22A56C15008DEFCB /* RegistrationCodeVC */ = {
			isa = PBXGroup;
			children = (
				ACBCC95F22A56C3A008DEFCB /* RegistrationCodeVC.swift */,
				ACD627A922A8FAB500303B05 /* RegistrationCodeVCTFDelegate.swift */,
			);
			path = RegistrationCodeVC;
			sourceTree = "<group>";
		};
		ACC41D2A2292D3360042B200 /* ChatVC */ = {
			isa = PBXGroup;
			children = (
				ACC41D2B2292D3450042B200 /* View */,
				ACCE27532294231D00E3126E /* Model */,
			);
			path = ChatVC;
			sourceTree = "<group>";
		};
		ACC41D2B2292D3450042B200 /* View */ = {
			isa = PBXGroup;
			children = (
				ACC41D2C2292D35B0042B200 /* ChatVC.swift */,
				ACCE274F2294168A00E3126E /* ChatTableviewDelegate.swift */,
				ACC41D352292EAED0042B200 /* ChatTFDelegate.swift */,
				ACCE27652294423800E3126E /* ChatCells */,
				ACC41D2E2292D3DB0042B200 /* Entities */,
			);
			path = View;
			sourceTree = "<group>";
		};
		ACC41D2E2292D3DB0042B200 /* Entities */ = {
			isa = PBXGroup;
			children = (
				ACC41D2F2292D4060042B200 /* ChatHeaderVIew.swift */,
				ACC41D312292D8C10042B200 /* SimpleGradientView.swift */,
				ACCE275122941BC800E3126E /* MessageLabel.swift */,
			);
			path = Entities;
			sourceTree = "<group>";
		};
		ACCE27532294231D00E3126E /* Model */ = {
			isa = PBXGroup;
			children = (
				AC6B918122953E270079CF1F /* Servicies */,
				ACCE27542294244C00E3126E /* Entities */,
			);
			path = Model;
			sourceTree = "<group>";
		};
		ACCE27542294244C00E3126E /* Entities */ = {
			isa = PBXGroup;
			children = (
				ACCE27552294245D00E3126E /* Message.swift */,
				ACCE2757229424EE00E3126E /* Sender.swift */,
				ACCE2759229425ED00E3126E /* MessageContentType.swift */,
			);
			path = Entities;
			sourceTree = "<group>";
		};
		ACCE27652294423800E3126E /* ChatCells */ = {
			isa = PBXGroup;
			children = (
				ACCE275B2294270700E3126E /* UserMessageCell.swift */,
				ACCE275F2294309E00E3126E /* UserImageCell.swift */,
				ACCE275D2294271A00E3126E /* PenPalMessageCell.swift */,
				ACCE2761229430AE00E3126E /* PenPalImageCell.swift */,
			);
			path = ChatCells;
			sourceTree = "<group>";
		};
		ACD3BAC22297ECE9002882D7 /* Entities */ = {
			isa = PBXGroup;
			children = (
				ACD3BAC32297ECFE002882D7 /* ProfileHeaderView.swift */,
				ACD3BAC522981D83002882D7 /* ViewRoundedBorders.swift */,
				ACD3BAC922982BA4002882D7 /* ViewCheckRound.swift */,
			);
			path = Entities;
			sourceTree = "<group>";
		};
		ACD3BACF2298324F002882D7 /* Cells */ = {
			isa = PBXGroup;
			children = (
				ACD3BACB22983229002882D7 /* ProfileTextFieldCell.swift */,
				ACD3BACD2298324A002882D7 /* ProfileSelectCell.swift */,
				ACD627B322A930B700303B05 /* ProfileSaveCell.swift */,
			);
			path = Cells;
			sourceTree = "<group>";
		};
		ACD627AB22A8FC4E00303B05 /* Model */ = {
			isa = PBXGroup;
			children = (
				ACE4E2DA22B76E390062C906 /* Entities */,
				ACDF8E2422A6B7B0000D6A8A /* Servicies */,
			);
			path = Model;
			sourceTree = "<group>";
		};
		ACD627AC22A8FCAF00303B05 /* API */ = {
			isa = PBXGroup;
			children = (
				ACD627AD22A8FCDA00303B05 /* ProfileAPIService.swift */,
				ACD627AF22A8FD8600303B05 /* PatientProfile.swift */,
			);
			path = API;
			sourceTree = "<group>";
		};
		ACD64732228AF1090091257E /* GlobalEntities */ = {
			isa = PBXGroup;
			children = (
				ACD64733228AF11C0091257E /* Gradient.swift */,
				AC7F4CB6227CB6CA002A42AF /* ViewUnderTextFields.swift */,
				AC6B9173229534B30079CF1F /* MainTabBarController.swift */,
				AC6B917F22953BC20079CF1F /* OpeningChatVC.swift */,
				AC6B91942295747A0079CF1F /* NotificationNames.swift */,
				ACD3BAC02297C861002882D7 /* Colors.swift */,
				ACBCC95422A54610008DEFCB /* API */,
			);
			path = GlobalEntities;
			sourceTree = "<group>";
		};
		ACDF8E2422A6B7B0000D6A8A /* Servicies */ = {
			isa = PBXGroup;
			children = (
				ACDF8E2722A6B97B000D6A8A /* GetExercisesService.swift */,
			);
			path = Servicies;
			sourceTree = "<group>";
		};
		ACE43F2A228ED27E007BCBC0 /* View */ = {
			isa = PBXGroup;
			children = (
				ACE43F2D228EDFB4007BCBC0 /* Entities */,
				ACFC9B8C228DAE33009F5798 /* ExcercisesVC.swift */,
				ACE43F28228ECF74007BCBC0 /* ExcercisesTableVIew.swift */,
				ACE43F2B228ED2B7007BCBC0 /* ExcercisesCell.swift */,
			);
			path = View;
			sourceTree = "<group>";
		};
		ACE43F2D228EDFB4007BCBC0 /* Entities */ = {
			isa = PBXGroup;
			children = (
				ACE43F2E228EDFCC007BCBC0 /* ViewPlay.swift */,
			);
			name = Entities;
			path = "/Users/atsamaz/Desktop/My/Мед/MedicApp/MedicApp/ExcercisesVC/View/Entities";
			sourceTree = "<absolute>";
		};
		ACE43F31228EE9AA007BCBC0 /* DiagnosticResultsVC */ = {
			isa = PBXGroup;
			children = (
				ACFF099622B2EF820033C1F1 /* Servicies */,
				ACE43F36228EEC9F007BCBC0 /* View */,
			);
			path = DiagnosticResultsVC;
			sourceTree = "<group>";
		};
		ACE43F36228EEC9F007BCBC0 /* View */ = {
			isa = PBXGroup;
			children = (
				ACE43F37228EED06007BCBC0 /* Entities */,
				ACE43F32228EEAC2007BCBC0 /* DiagnosticResultsVC.swift */,
				ACE43F3A228EF3D4007BCBC0 /* DiagnosticResultsTableView.swift */,
				ACE43F3C228EF43B007BCBC0 /* DiagnosticResultsCell.swift */,
			);
			path = View;
			sourceTree = "<group>";
		};
		ACE43F37228EED06007BCBC0 /* Entities */ = {
			isa = PBXGroup;
			children = (
				ACE43F38228EED8C007BCBC0 /* ViewGradientHeader.swift */,
			);
			path = Entities;
			sourceTree = "<group>";
		};
		ACE4E2DA22B76E390062C906 /* Entities */ = {
			isa = PBXGroup;
			children = (
				ACE4E2DB22B76E560062C906 /* Excercise.swift */,
			);
			path = Entities;
			sourceTree = "<group>";
		};
		ACF76ADD227CD39C00FE7648 /* Registration+Enter */ = {
			isa = PBXGroup;
			children = (
				ACF76AE0227CD3D300FE7648 /* Enteties */,
				ACF76AE1227CD3E100FE7648 /* Servicies */,
				ACF76ADE227CD3AB00FE7648 /* RegistrationVC */,
				ACBCC95C22A56C15008DEFCB /* RegistrationCodeVC */,
				ACF76ADF227CD3B500FE7648 /* EnterVC */,
				AC50F12B22A7BD7B000B78AF /* EnterCodeVC */,
			);
			path = "Registration+Enter";
			sourceTree = "<group>";
		};
		ACF76ADE227CD3AB00FE7648 /* RegistrationVC */ = {
			isa = PBXGroup;
			children = (
				AC7F4CA2227CAEEE002A42AF /* RegistrationView.swift */,
				AC5502EE22A7A26800EB0A30 /* RegistrationTFDelegate.swift */,
			);
			path = RegistrationVC;
			sourceTree = "<group>";
		};
		ACF76ADF227CD3B500FE7648 /* EnterVC */ = {
			isa = PBXGroup;
			children = (
				ACD64735228B016C0091257E /* EnterView.swift */,
				AC5502EC22A79DC400EB0A30 /* EnterTFDelegate.swift */,
			);
			path = EnterVC;
			sourceTree = "<group>";
		};
		ACF76AE0227CD3D300FE7648 /* Enteties */ = {
			isa = PBXGroup;
			children = (
				AC7F4CB4227CAF68002A42AF /* WaveGradientView.swift */,
				ACF76AE2227CD50000FE7648 /* ButtonGradient.swift */,
			);
			path = Enteties;
			sourceTree = "<group>";
		};
		ACF76AE1227CD3E100FE7648 /* Servicies */ = {
			isa = PBXGroup;
			children = (
				ACBCC95022A525A2008DEFCB /* EnterService.swift */,
				ACBCC95A22A562F3008DEFCB /* RegistrationService.swift */,
				AC50F12E22A7BE16000B78AF /* ForgotPasswordService.swift */,
			);
			path = Servicies;
			sourceTree = "<group>";
		};
		ACFC9B88228DACC1009F5798 /* ExcercisesVC */ = {
			isa = PBXGroup;
			children = (
				ACD627AB22A8FC4E00303B05 /* Model */,
				ACE43F2A228ED27E007BCBC0 /* View */,
			);
			path = ExcercisesVC;
			sourceTree = "<group>";
		};
		ACFF099622B2EF820033C1F1 /* Servicies */ = {
			isa = PBXGroup;
			children = (
				ACFF099722B2EF970033C1F1 /* DiagnosticService.swift */,
			);
			path = Servicies;
			sourceTree = "<group>";
		};
		E4739D2809D0826D0474B1B4 /* Frameworks */ = {
			isa = PBXGroup;
			children = (
				183511A65B18E52E9E57BC4B /* Pods_MedicApp.framework */,
			);
			name = Frameworks;
			sourceTree = "<group>";
		};
/* End PBXGroup section */

/* Begin PBXNativeTarget section */
		AC7F4C9C227CAEEE002A42AF /* MedicApp */ = {
			isa = PBXNativeTarget;
			buildConfigurationList = AC7F4CAF227CAEF0002A42AF /* Build configuration list for PBXNativeTarget "MedicApp" */;
			buildPhases = (
				451F283A015B8CC49FB1290E /* [CP] Check Pods Manifest.lock */,
				AC7F4C99227CAEEE002A42AF /* Sources */,
				AC7F4C9A227CAEEE002A42AF /* Frameworks */,
				AC7F4C9B227CAEEE002A42AF /* Resources */,
				D233989FC3350C62E7A2C48E /* [CP] Embed Pods Frameworks */,
			);
			buildRules = (
			);
			dependencies = (
			);
			name = MedicApp;
			productName = MedicApp;
			productReference = AC7F4C9D227CAEEE002A42AF /* MedicApp.app */;
			productType = "com.apple.product-type.application";
		};
/* End PBXNativeTarget section */

/* Begin PBXProject section */
		AC7F4C95227CAEED002A42AF /* Project object */ = {
			isa = PBXProject;
			attributes = {
				LastSwiftUpdateCheck = 1020;
				LastUpgradeCheck = 1020;
				ORGANIZATIONNAME = "Ацамаз Бицоев";
				TargetAttributes = {
					AC7F4C9C227CAEEE002A42AF = {
						CreatedOnToolsVersion = 10.2.1;
					};
				};
			};
			buildConfigurationList = AC7F4C98227CAEED002A42AF /* Build configuration list for PBXProject "MedicApp" */;
			compatibilityVersion = "Xcode 9.3";
			developmentRegion = en;
			hasScannedForEncodings = 0;
			knownRegions = (
				en,
				Base,
			);
			mainGroup = AC7F4C94227CAEED002A42AF;
			productRefGroup = AC7F4C9E227CAEEE002A42AF /* Products */;
			projectDirPath = "";
			projectRoot = "";
			targets = (
				AC7F4C9C227CAEEE002A42AF /* MedicApp */,
			);
		};
/* End PBXProject section */

/* Begin PBXResourcesBuildPhase section */
		AC7F4C9B227CAEEE002A42AF /* Resources */ = {
			isa = PBXResourcesBuildPhase;
			buildActionMask = 2147483647;
			files = (
				ACF76ADC227CCE7D00FE7648 /* SF-Compact-Rounded-Heavy.otf in Resources */,
				AC7F4CAB227CAEF0002A42AF /* LaunchScreen.storyboard in Resources */,
				ACF76ADB227CCE7D00FE7648 /* SF-Compact-Rounded-Regular.otf in Resources */,
				ACF76AD4227CCE7D00FE7648 /* SF-Compact-Rounded-Thin.otf in Resources */,
				ACFC9B87228DABBD009F5798 /* Excercises.storyboard in Resources */,
				ACCE276422943DFB00E3126E /* Вход.png in Resources */,
				AC6B917C229536910079CF1F /* Profile.storyboard in Resources */,
				ACFC9B85228D8ECD009F5798 /* Record.storyboard in Resources */,
				ACC41D292292D2DF0042B200 /* Chat.storyboard in Resources */,
				ACE43F35228EEB1B007BCBC0 /* DiagnosticResults.storyboard in Resources */,
				ACF76AD9227CCE7D00FE7648 /* SF-Compact-Rounded-Ultralight.otf in Resources */,
				AC7F4CA8227CAEF0002A42AF /* Assets.xcassets in Resources */,
				ACF76AD6227CCE7D00FE7648 /* SF-Compact-Rounded-Bold.otf in Resources */,
				ACF76AD7227CCE7D00FE7648 /* SF-Compact-Rounded-Light.otf in Resources */,
				ACF76AD8227CCE7D00FE7648 /* SF-Compact-Rounded-Medium.otf in Resources */,
				ACF76ADA227CCE7D00FE7648 /* SF-Compact-Rounded-Semibold.otf in Resources */,
				ACF76AD5227CCE7D00FE7648 /* SF-Compact-Rounded-Black.otf in Resources */,
				AC7F4CA6227CAEEE002A42AF /* Registration+Enter.storyboard in Resources */,
			);
			runOnlyForDeploymentPostprocessing = 0;
		};
/* End PBXResourcesBuildPhase section */

/* Begin PBXShellScriptBuildPhase section */
		451F283A015B8CC49FB1290E /* [CP] Check Pods Manifest.lock */ = {
			isa = PBXShellScriptBuildPhase;
			buildActionMask = 2147483647;
			files = (
			);
			inputFileListPaths = (
			);
			inputPaths = (
				"${PODS_PODFILE_DIR_PATH}/Podfile.lock",
				"${PODS_ROOT}/Manifest.lock",
			);
			name = "[CP] Check Pods Manifest.lock";
			outputFileListPaths = (
			);
			outputPaths = (
				"$(DERIVED_FILE_DIR)/Pods-MedicApp-checkManifestLockResult.txt",
			);
			runOnlyForDeploymentPostprocessing = 0;
			shellPath = /bin/sh;
			shellScript = "diff \"${PODS_PODFILE_DIR_PATH}/Podfile.lock\" \"${PODS_ROOT}/Manifest.lock\" > /dev/null\nif [ $? != 0 ] ; then\n    # print error to STDERR\n    echo \"error: The sandbox is not in sync with the Podfile.lock. Run 'pod install' or update your CocoaPods installation.\" >&2\n    exit 1\nfi\n# This output is used by Xcode 'outputs' to avoid re-running this script phase.\necho \"SUCCESS\" > \"${SCRIPT_OUTPUT_FILE_0}\"\n";
			showEnvVarsInLog = 0;
		};
		D233989FC3350C62E7A2C48E /* [CP] Embed Pods Frameworks */ = {
			isa = PBXShellScriptBuildPhase;
			buildActionMask = 2147483647;
			files = (
			);
			inputFileListPaths = (
			);
			inputPaths = (
				"${PODS_ROOT}/Target Support Files/Pods-MedicApp/Pods-MedicApp-frameworks.sh",
				"${BUILT_PRODUCTS_DIR}/Alamofire/Alamofire.framework",
				"${BUILT_PRODUCTS_DIR}/CVCalendar/CVCalendar.framework",
				"${BUILT_PRODUCTS_DIR}/RxAtomic/RxAtomic.framework",
				"${BUILT_PRODUCTS_DIR}/RxCocoa/RxCocoa.framework",
				"${BUILT_PRODUCTS_DIR}/RxKeyboard/RxKeyboard.framework",
				"${BUILT_PRODUCTS_DIR}/RxSwift/RxSwift.framework",
				"${BUILT_PRODUCTS_DIR}/Socket.IO-Client-Swift/SocketIO.framework",
				"${BUILT_PRODUCTS_DIR}/Starscream/Starscream.framework",
				"${BUILT_PRODUCTS_DIR}/SwiftyJSON/SwiftyJSON.framework",
			);
			name = "[CP] Embed Pods Frameworks";
			outputFileListPaths = (
			);
			outputPaths = (
				"${TARGET_BUILD_DIR}/${FRAMEWORKS_FOLDER_PATH}/Alamofire.framework",
				"${TARGET_BUILD_DIR}/${FRAMEWORKS_FOLDER_PATH}/CVCalendar.framework",
				"${TARGET_BUILD_DIR}/${FRAMEWORKS_FOLDER_PATH}/RxAtomic.framework",
				"${TARGET_BUILD_DIR}/${FRAMEWORKS_FOLDER_PATH}/RxCocoa.framework",
				"${TARGET_BUILD_DIR}/${FRAMEWORKS_FOLDER_PATH}/RxKeyboard.framework",
				"${TARGET_BUILD_DIR}/${FRAMEWORKS_FOLDER_PATH}/RxSwift.framework",
				"${TARGET_BUILD_DIR}/${FRAMEWORKS_FOLDER_PATH}/SocketIO.framework",
				"${TARGET_BUILD_DIR}/${FRAMEWORKS_FOLDER_PATH}/Starscream.framework",
				"${TARGET_BUILD_DIR}/${FRAMEWORKS_FOLDER_PATH}/SwiftyJSON.framework",
			);
			runOnlyForDeploymentPostprocessing = 0;
			shellPath = /bin/sh;
			shellScript = "\"${PODS_ROOT}/Target Support Files/Pods-MedicApp/Pods-MedicApp-frameworks.sh\"\n";
			showEnvVarsInLog = 0;
		};
/* End PBXShellScriptBuildPhase section */

/* Begin PBXSourcesBuildPhase section */
		AC7F4C99227CAEEE002A42AF /* Sources */ = {
			isa = PBXSourcesBuildPhase;
			buildActionMask = 2147483647;
			files = (
				AC6B9174229534B30079CF1F /* MainTabBarController.swift in Sources */,
				ACB543F3229E672200CC2FBA /* MyProfileTableView.swift in Sources */,
				ACCE27502294168A00E3126E /* ChatTableviewDelegate.swift in Sources */,
				ACC41D362292EAED0042B200 /* ChatTFDelegate.swift in Sources */,
				ACD627AE22A8FCDA00303B05 /* ProfileAPIService.swift in Sources */,
				ACC41D322292D8C10042B200 /* SimpleGradientView.swift in Sources */,
				ACD3BACA22982BA4002882D7 /* ViewCheckRound.swift in Sources */,
				ACD3BAC82298220E002882D7 /* ProfileTableView.swift in Sources */,
				ACCE275C2294270700E3126E /* UserMessageCell.swift in Sources */,
				ACC41D2D2292D35B0042B200 /* ChatVC.swift in Sources */,
				ACE43F3D228EF43B007BCBC0 /* DiagnosticResultsCell.swift in Sources */,
				AC6B919A229584CE0079CF1F /* ChatImageVC.swift in Sources */,
				ACE4E2DC22B76E560062C906 /* Excercise.swift in Sources */,
				ACD3BAC622981D83002882D7 /* ViewRoundedBorders.swift in Sources */,
				ACCE27602294309E00E3126E /* UserImageCell.swift in Sources */,
				ACAC21EA22AC180D001974BD /* RecordService.swift in Sources */,
				ACBCC95B22A562F3008DEFCB /* RegistrationService.swift in Sources */,
				ACCE2762229430AE00E3126E /* PenPalImageCell.swift in Sources */,
				ACD627B422A930B700303B05 /* ProfileSaveCell.swift in Sources */,
				AC7F4CA3227CAEEE002A42AF /* RegistrationView.swift in Sources */,
				AC50F12F22A7BE16000B78AF /* ForgotPasswordService.swift in Sources */,
				ACE43F39228EED8C007BCBC0 /* ViewGradientHeader.swift in Sources */,
				ACD627AA22A8FAB500303B05 /* RegistrationCodeVCTFDelegate.swift in Sources */,
				ACDF8E2822A6B97B000D6A8A /* GetExercisesService.swift in Sources */,
				ACE43F3B228EF3D4007BCBC0 /* DiagnosticResultsTableView.swift in Sources */,
				ACCE2758229424EE00E3126E /* Sender.swift in Sources */,
				AC3DE1FC2296909C001548B4 /* RecordTimeCell.swift in Sources */,
				AC8EB8F222A7EA66003050DC /* EnterCodeTFDelegate.swift in Sources */,
				ACE43F2C228ED2B7007BCBC0 /* ExcercisesCell.swift in Sources */,
				ACFF099822B2EF970033C1F1 /* DiagnosticService.swift in Sources */,
				ACD3BACE2298324A002882D7 /* ProfileSelectCell.swift in Sources */,
				ACC41D302292D4060042B200 /* ChatHeaderVIew.swift in Sources */,
				ACBCC95322A5271F008DEFCB /* ApiInfo.swift in Sources */,
				ACD3BACC22983229002882D7 /* ProfileTextFieldCell.swift in Sources */,
				AC6B91772295364B0079CF1F /* RecordVC.swift in Sources */,
				AC3DE1F82296831D001548B4 /* RecordTimeCollection.swift in Sources */,
				AC7F4CB7227CB6CA002A42AF /* ViewUnderTextFields.swift in Sources */,
				ACCE275E2294271A00E3126E /* PenPalMessageCell.swift in Sources */,
				AC6B91932295744A0079CF1F /* NotificationManager.swift in Sources */,
				AC7F4CA1227CAEEE002A42AF /* AppDelegate.swift in Sources */,
				AC50F12D22A7BDED000B78AF /* EnterCodeVC.swift in Sources */,
				ACCE275222941BC800E3126E /* MessageLabel.swift in Sources */,
				ACE43F33228EEAC2007BCBC0 /* DiagnosticResultsVC.swift in Sources */,
				ACD64736228B016C0091257E /* EnterView.swift in Sources */,
				ACFC9B8D228DAE33009F5798 /* ExcercisesVC.swift in Sources */,
				AC6B918022953BC20079CF1F /* OpeningChatVC.swift in Sources */,
				ACF76AE3227CD50000FE7648 /* ButtonGradient.swift in Sources */,
				AC5502EF22A7A26800EB0A30 /* RegistrationTFDelegate.swift in Sources */,
				ACBCC96022A56C3A008DEFCB /* RegistrationCodeVC.swift in Sources */,
				AC6B91972295759D0079CF1F /* MessageHistoryService.swift in Sources */,
				ACBCC95122A525A2008DEFCB /* EnterService.swift in Sources */,
				AC7BF2C12296A29D0007AE31 /* CalendarVC.swift in Sources */,
				ACD3BAC12297C861002882D7 /* Colors.swift in Sources */,
				ACD627B022A8FD8600303B05 /* PatientProfile.swift in Sources */,
				AC5502ED22A79DC400EB0A30 /* EnterTFDelegate.swift in Sources */,
				ACCE27562294245D00E3126E /* Message.swift in Sources */,
				AC6B917A229536850079CF1F /* ProfileVC.swift in Sources */,
				AC7F4CB5227CAF68002A42AF /* WaveGradientView.swift in Sources */,
				ACBCC95922A548AB008DEFCB /* TokenService.swift in Sources */,
				ACD64734228AF11C0091257E /* Gradient.swift in Sources */,
				ACCE275A229425ED00E3126E /* MessageContentType.swift in Sources */,
				ACE43F29228ECF74007BCBC0 /* ExcercisesTableVIew.swift in Sources */,
				AC6B91952295747A0079CF1F /* NotificationNames.swift in Sources */,
				ACE43F2F228EDFCC007BCBC0 /* ViewPlay.swift in Sources */,
				AC6B918322953E380079CF1F /* ChatService.swift in Sources */,
				AC7BF2C52296E88F0007AE31 /* Record.swift in Sources */,
				ACD3BAC42297ECFE002882D7 /* ProfileHeaderView.swift in Sources */,
			);
			runOnlyForDeploymentPostprocessing = 0;
		};
/* End PBXSourcesBuildPhase section */

/* Begin PBXVariantGroup section */
		AC7F4CA4227CAEEE002A42AF /* Registration+Enter.storyboard */ = {
			isa = PBXVariantGroup;
			children = (
				AC7F4CA5227CAEEE002A42AF /* Base */,
			);
			name = "Registration+Enter.storyboard";
			sourceTree = "<group>";
		};
		AC7F4CA9227CAEF0002A42AF /* LaunchScreen.storyboard */ = {
			isa = PBXVariantGroup;
			children = (
				AC7F4CAA227CAEF0002A42AF /* Base */,
			);
			name = LaunchScreen.storyboard;
			sourceTree = "<group>";
		};
/* End PBXVariantGroup section */

/* Begin XCBuildConfiguration section */
		AC7F4CAD227CAEF0002A42AF /* Debug */ = {
			isa = XCBuildConfiguration;
			buildSettings = {
				ALWAYS_SEARCH_USER_PATHS = NO;
				CLANG_ANALYZER_NONNULL = YES;
				CLANG_ANALYZER_NUMBER_OBJECT_CONVERSION = YES_AGGRESSIVE;
				CLANG_CXX_LANGUAGE_STANDARD = "gnu++14";
				CLANG_CXX_LIBRARY = "libc++";
				CLANG_ENABLE_MODULES = YES;
				CLANG_ENABLE_OBJC_ARC = YES;
				CLANG_ENABLE_OBJC_WEAK = YES;
				CLANG_WARN_BLOCK_CAPTURE_AUTORELEASING = YES;
				CLANG_WARN_BOOL_CONVERSION = YES;
				CLANG_WARN_COMMA = YES;
				CLANG_WARN_CONSTANT_CONVERSION = YES;
				CLANG_WARN_DEPRECATED_OBJC_IMPLEMENTATIONS = YES;
				CLANG_WARN_DIRECT_OBJC_ISA_USAGE = YES_ERROR;
				CLANG_WARN_DOCUMENTATION_COMMENTS = YES;
				CLANG_WARN_EMPTY_BODY = YES;
				CLANG_WARN_ENUM_CONVERSION = YES;
				CLANG_WARN_INFINITE_RECURSION = YES;
				CLANG_WARN_INT_CONVERSION = YES;
				CLANG_WARN_NON_LITERAL_NULL_CONVERSION = YES;
				CLANG_WARN_OBJC_IMPLICIT_RETAIN_SELF = YES;
				CLANG_WARN_OBJC_LITERAL_CONVERSION = YES;
				CLANG_WARN_OBJC_ROOT_CLASS = YES_ERROR;
				CLANG_WARN_RANGE_LOOP_ANALYSIS = YES;
				CLANG_WARN_STRICT_PROTOTYPES = YES;
				CLANG_WARN_SUSPICIOUS_MOVE = YES;
				CLANG_WARN_UNGUARDED_AVAILABILITY = YES_AGGRESSIVE;
				CLANG_WARN_UNREACHABLE_CODE = YES;
				CLANG_WARN__DUPLICATE_METHOD_MATCH = YES;
				CODE_SIGN_IDENTITY = "iPhone Developer";
				COPY_PHASE_STRIP = NO;
				DEBUG_INFORMATION_FORMAT = dwarf;
				ENABLE_STRICT_OBJC_MSGSEND = YES;
				ENABLE_TESTABILITY = YES;
				GCC_C_LANGUAGE_STANDARD = gnu11;
				GCC_DYNAMIC_NO_PIC = NO;
				GCC_NO_COMMON_BLOCKS = YES;
				GCC_OPTIMIZATION_LEVEL = 0;
				GCC_PREPROCESSOR_DEFINITIONS = (
					"DEBUG=1",
					"$(inherited)",
				);
				GCC_WARN_64_TO_32_BIT_CONVERSION = YES;
				GCC_WARN_ABOUT_RETURN_TYPE = YES_ERROR;
				GCC_WARN_UNDECLARED_SELECTOR = YES;
				GCC_WARN_UNINITIALIZED_AUTOS = YES_AGGRESSIVE;
				GCC_WARN_UNUSED_FUNCTION = YES;
				GCC_WARN_UNUSED_VARIABLE = YES;
				IPHONEOS_DEPLOYMENT_TARGET = 12.1;
				MTL_ENABLE_DEBUG_INFO = INCLUDE_SOURCE;
				MTL_FAST_MATH = YES;
				ONLY_ACTIVE_ARCH = YES;
				SDKROOT = iphoneos;
				SWIFT_ACTIVE_COMPILATION_CONDITIONS = DEBUG;
				SWIFT_OPTIMIZATION_LEVEL = "-Onone";
			};
			name = Debug;
		};
		AC7F4CAE227CAEF0002A42AF /* Release */ = {
			isa = XCBuildConfiguration;
			buildSettings = {
				ALWAYS_SEARCH_USER_PATHS = NO;
				CLANG_ANALYZER_NONNULL = YES;
				CLANG_ANALYZER_NUMBER_OBJECT_CONVERSION = YES_AGGRESSIVE;
				CLANG_CXX_LANGUAGE_STANDARD = "gnu++14";
				CLANG_CXX_LIBRARY = "libc++";
				CLANG_ENABLE_MODULES = YES;
				CLANG_ENABLE_OBJC_ARC = YES;
				CLANG_ENABLE_OBJC_WEAK = YES;
				CLANG_WARN_BLOCK_CAPTURE_AUTORELEASING = YES;
				CLANG_WARN_BOOL_CONVERSION = YES;
				CLANG_WARN_COMMA = YES;
				CLANG_WARN_CONSTANT_CONVERSION = YES;
				CLANG_WARN_DEPRECATED_OBJC_IMPLEMENTATIONS = YES;
				CLANG_WARN_DIRECT_OBJC_ISA_USAGE = YES_ERROR;
				CLANG_WARN_DOCUMENTATION_COMMENTS = YES;
				CLANG_WARN_EMPTY_BODY = YES;
				CLANG_WARN_ENUM_CONVERSION = YES;
				CLANG_WARN_INFINITE_RECURSION = YES;
				CLANG_WARN_INT_CONVERSION = YES;
				CLANG_WARN_NON_LITERAL_NULL_CONVERSION = YES;
				CLANG_WARN_OBJC_IMPLICIT_RETAIN_SELF = YES;
				CLANG_WARN_OBJC_LITERAL_CONVERSION = YES;
				CLANG_WARN_OBJC_ROOT_CLASS = YES_ERROR;
				CLANG_WARN_RANGE_LOOP_ANALYSIS = YES;
				CLANG_WARN_STRICT_PROTOTYPES = YES;
				CLANG_WARN_SUSPICIOUS_MOVE = YES;
				CLANG_WARN_UNGUARDED_AVAILABILITY = YES_AGGRESSIVE;
				CLANG_WARN_UNREACHABLE_CODE = YES;
				CLANG_WARN__DUPLICATE_METHOD_MATCH = YES;
				CODE_SIGN_IDENTITY = "iPhone Developer";
				COPY_PHASE_STRIP = NO;
				DEBUG_INFORMATION_FORMAT = "dwarf-with-dsym";
				ENABLE_NS_ASSERTIONS = NO;
				ENABLE_STRICT_OBJC_MSGSEND = YES;
				GCC_C_LANGUAGE_STANDARD = gnu11;
				GCC_NO_COMMON_BLOCKS = YES;
				GCC_WARN_64_TO_32_BIT_CONVERSION = YES;
				GCC_WARN_ABOUT_RETURN_TYPE = YES_ERROR;
				GCC_WARN_UNDECLARED_SELECTOR = YES;
				GCC_WARN_UNINITIALIZED_AUTOS = YES_AGGRESSIVE;
				GCC_WARN_UNUSED_FUNCTION = YES;
				GCC_WARN_UNUSED_VARIABLE = YES;
				IPHONEOS_DEPLOYMENT_TARGET = 12.1;
				MTL_ENABLE_DEBUG_INFO = NO;
				MTL_FAST_MATH = YES;
				SDKROOT = iphoneos;
				SWIFT_COMPILATION_MODE = wholemodule;
				SWIFT_OPTIMIZATION_LEVEL = "-O";
				VALIDATE_PRODUCT = YES;
			};
			name = Release;
		};
		AC7F4CB0227CAEF0002A42AF /* Debug */ = {
			isa = XCBuildConfiguration;
			baseConfigurationReference = C806D980F5719E7C547E60EE /* Pods-MedicApp.debug.xcconfig */;
			buildSettings = {
				ASSETCATALOG_COMPILER_APPICON_NAME = AppIcon;
				CODE_SIGN_IDENTITY = "iPhone Developer";
				CODE_SIGN_STYLE = Automatic;
				DEVELOPMENT_TEAM = 89WB9E7UEU;
				INFOPLIST_FILE = MedicApp/Info.plist;
				IPHONEOS_DEPLOYMENT_TARGET = 10.0;
				LD_RUNPATH_SEARCH_PATHS = (
					"$(inherited)",
					"@executable_path/Frameworks",
				);
				PRODUCT_BUNDLE_IDENTIFIER = bitsoev.PatientApp;
				PRODUCT_NAME = "$(TARGET_NAME)";
				PROVISIONING_PROFILE_SPECIFIER = "";
				SWIFT_VERSION = 5.0;
				TARGETED_DEVICE_FAMILY = 1;
			};
			name = Debug;
		};
		AC7F4CB1227CAEF0002A42AF /* Release */ = {
			isa = XCBuildConfiguration;
			baseConfigurationReference = 3C9DE87BDA3D6F60112CC839 /* Pods-MedicApp.release.xcconfig */;
			buildSettings = {
				ASSETCATALOG_COMPILER_APPICON_NAME = AppIcon;
				CODE_SIGN_IDENTITY = "iPhone Developer";
				CODE_SIGN_STYLE = Automatic;
				DEVELOPMENT_TEAM = 89WB9E7UEU;
				INFOPLIST_FILE = MedicApp/Info.plist;
				IPHONEOS_DEPLOYMENT_TARGET = 10.0;
				LD_RUNPATH_SEARCH_PATHS = (
					"$(inherited)",
					"@executable_path/Frameworks",
				);
				PRODUCT_BUNDLE_IDENTIFIER = bitsoev.PatientApp;
				PRODUCT_NAME = "$(TARGET_NAME)";
				PROVISIONING_PROFILE_SPECIFIER = "";
				SWIFT_VERSION = 5.0;
				TARGETED_DEVICE_FAMILY = 1;
			};
			name = Release;
		};
/* End XCBuildConfiguration section */

/* Begin XCConfigurationList section */
		AC7F4C98227CAEED002A42AF /* Build configuration list for PBXProject "MedicApp" */ = {
			isa = XCConfigurationList;
			buildConfigurations = (
				AC7F4CAD227CAEF0002A42AF /* Debug */,
				AC7F4CAE227CAEF0002A42AF /* Release */,
			);
			defaultConfigurationIsVisible = 0;
			defaultConfigurationName = Release;
		};
		AC7F4CAF227CAEF0002A42AF /* Build configuration list for PBXNativeTarget "MedicApp" */ = {
			isa = XCConfigurationList;
			buildConfigurations = (
				AC7F4CB0227CAEF0002A42AF /* Debug */,
				AC7F4CB1227CAEF0002A42AF /* Release */,
			);
			defaultConfigurationIsVisible = 0;
			defaultConfigurationName = Release;
		};
/* End XCConfigurationList section */
	};
	rootObject = AC7F4C95227CAEED002A42AF /* Project object */;
}
